// !$*UTF8*$!
{
	archiveVersion = 1;
	classes = {
	};
	objectVersion = 52;
	objects = {

/* Begin PBXBuildFile section */
		AF03AC46249A33710029CAFE /* MessagesNavBar.swift in Sources */ = {isa = PBXBuildFile; fileRef = AF03AC45249A33710029CAFE /* MessagesNavBar.swift */; };
		AF2CB90C24223679007C352F /* SignupViewController.swift in Sources */ = {isa = PBXBuildFile; fileRef = AF2CB90B24223679007C352F /* SignupViewController.swift */; };
		AF2CB90E24223688007C352F /* LoginViewController.swift in Sources */ = {isa = PBXBuildFile; fileRef = AF2CB90D24223688007C352F /* LoginViewController.swift */; };
		AF2CB91324223912007C352F /* WelcomeViewController.swift in Sources */ = {isa = PBXBuildFile; fileRef = AF2CB91224223912007C352F /* WelcomeViewController.swift */; };
		AF2CB92924239E7E007C352F /* SSVid8.mov in Resources */ = {isa = PBXBuildFile; fileRef = AF2CB92824239E7E007C352F /* SSVid8.mov */; };
		AF3E715A241F97230010DE24 /* AppDelegate.swift in Sources */ = {isa = PBXBuildFile; fileRef = AF3E7159241F97230010DE24 /* AppDelegate.swift */; };
		AF3E715C241F97230010DE24 /* SceneDelegate.swift in Sources */ = {isa = PBXBuildFile; fileRef = AF3E715B241F97230010DE24 /* SceneDelegate.swift */; };
		AF3E7161241F97230010DE24 /* Main.storyboard in Resources */ = {isa = PBXBuildFile; fileRef = AF3E715F241F97230010DE24 /* Main.storyboard */; };
		AF3E7163241F97240010DE24 /* Assets.xcassets in Resources */ = {isa = PBXBuildFile; fileRef = AF3E7162241F97240010DE24 /* Assets.xcassets */; };
		AF3E7166241F97240010DE24 /* LaunchScreen.storyboard in Resources */ = {isa = PBXBuildFile; fileRef = AF3E7164241F97240010DE24 /* LaunchScreen.storyboard */; };
		AF55CE902445803A00D9A57F /* LogoutTableViewCell.swift in Sources */ = {isa = PBXBuildFile; fileRef = AF55CE8F2445803A00D9A57F /* LogoutTableViewCell.swift */; };
		AF55CE93244627AA00D9A57F /* ShoeDetailsViewController.swift in Sources */ = {isa = PBXBuildFile; fileRef = AF55CE92244627AA00D9A57F /* ShoeDetailsViewController.swift */; };
		AF55CE9524472E3F00D9A57F /* SwipingPhotosController.swift in Sources */ = {isa = PBXBuildFile; fileRef = AF55CE9424472E3F00D9A57F /* SwipingPhotosController.swift */; };
		AF58B4402441DAAC00135387 /* SettingsController.swift in Sources */ = {isa = PBXBuildFile; fileRef = AF58B43F2441DAAC00135387 /* SettingsController.swift */; };
		AF58B4422441FAE500135387 /* SettingsCell.swift in Sources */ = {isa = PBXBuildFile; fileRef = AF58B4412441FAE500135387 /* SettingsCell.swift */; };
		AF58B444244462CA00135387 /* ActualUser.swift in Sources */ = {isa = PBXBuildFile; fileRef = AF58B443244462C900135387 /* ActualUser.swift */; };
		AF58B4462444843200135387 /* AgeRangeCell.swift in Sources */ = {isa = PBXBuildFile; fileRef = AF58B4452444843200135387 /* AgeRangeCell.swift */; };
		AF5E6A122448721E006D53A7 /* PhotoController.swift in Sources */ = {isa = PBXBuildFile; fileRef = AF5E6A112448721E006D53A7 /* PhotoController.swift */; };
		AF5EFE9F244DAF89006642BE /* Shoe.swift in Sources */ = {isa = PBXBuildFile; fileRef = AF5EFE9E244DAF89006642BE /* Shoe.swift */; };
		AF6500F82429F84A00C126F8 /* SwiperViewController.swift in Sources */ = {isa = PBXBuildFile; fileRef = AF6500F72429F84A00C126F8 /* SwiperViewController.swift */; };
		AF7163C324642FB800415F42 /* LikedNavBar.swift in Sources */ = {isa = PBXBuildFile; fileRef = AF7163C224642FB800415F42 /* LikedNavBar.swift */; };
		AF7163C52464391700415F42 /* LikesController.swift in Sources */ = {isa = PBXBuildFile; fileRef = AF5E6A142449ECAD006D53A7 /* LikesController.swift */; };
		AF7217082498E4F5008FF4D0 /* ChatLogController.swift in Sources */ = {isa = PBXBuildFile; fileRef = AF7217072498E4F5008FF4D0 /* ChatLogController.swift */; };
		AF9A0C7A2497766500846FE3 /* FeedBackTableViewCell.swift in Sources */ = {isa = PBXBuildFile; fileRef = AF9A0C792497766500846FE3 /* FeedBackTableViewCell.swift */; };
		AF9A0C7D24979BCE00846FE3 /* LBTATools in Frameworks */ = {isa = PBXBuildFile; productRef = AF9A0C7C24979BCE00846FE3 /* LBTATools */; };
		AFB5A46C242A3F0400E9BC3A /* SwipeBottomControlsUIStackView.swift in Sources */ = {isa = PBXBuildFile; fileRef = AFB5A46B242A3F0400E9BC3A /* SwipeBottomControlsUIStackView.swift */; };
		AFBBC062242650AD0099399B /* Constants.swift in Sources */ = {isa = PBXBuildFile; fileRef = AFBBC060242650AD0099399B /* Constants.swift */; };
		AFBBC063242650AD0099399B /* Utilities.swift in Sources */ = {isa = PBXBuildFile; fileRef = AFBBC061242650AD0099399B /* Utilities.swift */; };
		AFBBC065242651910099399B /* GoogleService-Info.plist in Resources */ = {isa = PBXBuildFile; fileRef = AFBBC064242651910099399B /* GoogleService-Info.plist */; };
		AFF03160242A56B60092312A /* TopNavigationStackView.swift in Sources */ = {isa = PBXBuildFile; fileRef = AFF0315F242A56B60092312A /* TopNavigationStackView.swift */; };
		AFF03162242A610E0092312A /* CardView.swift in Sources */ = {isa = PBXBuildFile; fileRef = AFF03161242A610E0092312A /* CardView.swift */; };
		AFF03165242AA2680092312A /* User.swift in Sources */ = {isa = PBXBuildFile; fileRef = AFF03164242AA2680092312A /* User.swift */; };
		AFF03168242AAD4F0092312A /* CardViewModel.swift in Sources */ = {isa = PBXBuildFile; fileRef = AFF03167242AAD4F0092312A /* CardViewModel.swift */; };
		AFF0316A242AB4000092312A /* Advertiser.swift in Sources */ = {isa = PBXBuildFile; fileRef = AFF03169242AB4000092312A /* Advertiser.swift */; };
		AFF0316C242B8F950092312A /* CustomTextField.swift in Sources */ = {isa = PBXBuildFile; fileRef = AFF0316B242B8F950092312A /* CustomTextField.swift */; };
		B562404A2793739510F0DCD9 /* Pods_ShoeSwiperMenus.framework in Frameworks */ = {isa = PBXBuildFile; fileRef = D4E8D03F6FC6F86CAFC75FF3 /* Pods_ShoeSwiperMenus.framework */; };
/* End PBXBuildFile section */

/* Begin PBXFileReference section */
		AF03AC45249A33710029CAFE /* MessagesNavBar.swift */ = {isa = PBXFileReference; lastKnownFileType = sourcecode.swift; path = MessagesNavBar.swift; sourceTree = "<group>"; };
		AF2CB90B24223679007C352F /* SignupViewController.swift */ = {isa = PBXFileReference; lastKnownFileType = sourcecode.swift; path = SignupViewController.swift; sourceTree = "<group>"; };
		AF2CB90D24223688007C352F /* LoginViewController.swift */ = {isa = PBXFileReference; lastKnownFileType = sourcecode.swift; path = LoginViewController.swift; sourceTree = "<group>"; };
		AF2CB91224223912007C352F /* WelcomeViewController.swift */ = {isa = PBXFileReference; lastKnownFileType = sourcecode.swift; path = WelcomeViewController.swift; sourceTree = "<group>"; };
		AF2CB92824239E7E007C352F /* SSVid8.mov */ = {isa = PBXFileReference; lastKnownFileType = video.quicktime; name = SSVid8.mov; path = ShoeSwiperMenus/SSVid8.mov; sourceTree = SOURCE_ROOT; };
		AF3E7156241F97230010DE24 /* ShoeSwiperMenus.app */ = {isa = PBXFileReference; explicitFileType = wrapper.application; includeInIndex = 0; path = ShoeSwiperMenus.app; sourceTree = BUILT_PRODUCTS_DIR; };
		AF3E7159241F97230010DE24 /* AppDelegate.swift */ = {isa = PBXFileReference; lastKnownFileType = sourcecode.swift; path = AppDelegate.swift; sourceTree = "<group>"; };
		AF3E715B241F97230010DE24 /* SceneDelegate.swift */ = {isa = PBXFileReference; lastKnownFileType = sourcecode.swift; path = SceneDelegate.swift; sourceTree = "<group>"; };
		AF3E7160241F97230010DE24 /* Base */ = {isa = PBXFileReference; lastKnownFileType = file.storyboard; name = Base; path = Base.lproj/Main.storyboard; sourceTree = "<group>"; };
		AF3E7162241F97240010DE24 /* Assets.xcassets */ = {isa = PBXFileReference; lastKnownFileType = folder.assetcatalog; path = Assets.xcassets; sourceTree = "<group>"; };
		AF3E7165241F97240010DE24 /* Base */ = {isa = PBXFileReference; lastKnownFileType = file.storyboard; name = Base; path = Base.lproj/LaunchScreen.storyboard; sourceTree = "<group>"; };
		AF3E7167241F97240010DE24 /* Info.plist */ = {isa = PBXFileReference; lastKnownFileType = text.plist.xml; path = Info.plist; sourceTree = "<group>"; };
		AF55CE8F2445803A00D9A57F /* LogoutTableViewCell.swift */ = {isa = PBXFileReference; lastKnownFileType = sourcecode.swift; path = LogoutTableViewCell.swift; sourceTree = "<group>"; };
		AF55CE92244627AA00D9A57F /* ShoeDetailsViewController.swift */ = {isa = PBXFileReference; lastKnownFileType = sourcecode.swift; path = ShoeDetailsViewController.swift; sourceTree = "<group>"; };
		AF55CE9424472E3F00D9A57F /* SwipingPhotosController.swift */ = {isa = PBXFileReference; lastKnownFileType = sourcecode.swift; path = SwipingPhotosController.swift; sourceTree = "<group>"; };
		AF58B43F2441DAAC00135387 /* SettingsController.swift */ = {isa = PBXFileReference; lastKnownFileType = sourcecode.swift; path = SettingsController.swift; sourceTree = "<group>"; };
		AF58B4412441FAE500135387 /* SettingsCell.swift */ = {isa = PBXFileReference; lastKnownFileType = sourcecode.swift; path = SettingsCell.swift; sourceTree = "<group>"; };
		AF58B443244462C900135387 /* ActualUser.swift */ = {isa = PBXFileReference; lastKnownFileType = sourcecode.swift; path = ActualUser.swift; sourceTree = "<group>"; };
		AF58B4452444843200135387 /* AgeRangeCell.swift */ = {isa = PBXFileReference; lastKnownFileType = sourcecode.swift; path = AgeRangeCell.swift; sourceTree = "<group>"; };
		AF5E6A112448721E006D53A7 /* PhotoController.swift */ = {isa = PBXFileReference; lastKnownFileType = sourcecode.swift; path = PhotoController.swift; sourceTree = "<group>"; };
		AF5E6A142449ECAD006D53A7 /* LikesController.swift */ = {isa = PBXFileReference; lastKnownFileType = sourcecode.swift; name = LikesController.swift; path = "../New Group/LikesController.swift"; sourceTree = "<group>"; };
		AF5EFE9E244DAF89006642BE /* Shoe.swift */ = {isa = PBXFileReference; lastKnownFileType = sourcecode.swift; path = Shoe.swift; sourceTree = "<group>"; };
		AF6500F72429F84A00C126F8 /* SwiperViewController.swift */ = {isa = PBXFileReference; lastKnownFileType = sourcecode.swift; path = SwiperViewController.swift; sourceTree = "<group>"; };
		AF7163C224642FB800415F42 /* LikedNavBar.swift */ = {isa = PBXFileReference; lastKnownFileType = sourcecode.swift; path = LikedNavBar.swift; sourceTree = "<group>"; };
		AF7217072498E4F5008FF4D0 /* ChatLogController.swift */ = {isa = PBXFileReference; lastKnownFileType = sourcecode.swift; path = ChatLogController.swift; sourceTree = "<group>"; };
		AF9A0C792497766500846FE3 /* FeedBackTableViewCell.swift */ = {isa = PBXFileReference; lastKnownFileType = sourcecode.swift; path = FeedBackTableViewCell.swift; sourceTree = "<group>"; };
		AFB5A46B242A3F0400E9BC3A /* SwipeBottomControlsUIStackView.swift */ = {isa = PBXFileReference; lastKnownFileType = sourcecode.swift; path = SwipeBottomControlsUIStackView.swift; sourceTree = "<group>"; };
		AFBBC060242650AD0099399B /* Constants.swift */ = {isa = PBXFileReference; fileEncoding = 4; lastKnownFileType = sourcecode.swift; path = Constants.swift; sourceTree = "<group>"; };
		AFBBC061242650AD0099399B /* Utilities.swift */ = {isa = PBXFileReference; fileEncoding = 4; lastKnownFileType = sourcecode.swift; path = Utilities.swift; sourceTree = "<group>"; };
		AFBBC064242651910099399B /* GoogleService-Info.plist */ = {isa = PBXFileReference; fileEncoding = 4; lastKnownFileType = text.plist.xml; path = "GoogleService-Info.plist"; sourceTree = "<group>"; };
		AFF0315F242A56B60092312A /* TopNavigationStackView.swift */ = {isa = PBXFileReference; lastKnownFileType = sourcecode.swift; path = TopNavigationStackView.swift; sourceTree = "<group>"; };
		AFF03161242A610E0092312A /* CardView.swift */ = {isa = PBXFileReference; lastKnownFileType = sourcecode.swift; path = CardView.swift; sourceTree = "<group>"; };
		AFF03164242AA2680092312A /* User.swift */ = {isa = PBXFileReference; lastKnownFileType = sourcecode.swift; path = User.swift; sourceTree = "<group>"; };
		AFF03167242AAD4F0092312A /* CardViewModel.swift */ = {isa = PBXFileReference; lastKnownFileType = sourcecode.swift; path = CardViewModel.swift; sourceTree = "<group>"; };
		AFF03169242AB4000092312A /* Advertiser.swift */ = {isa = PBXFileReference; lastKnownFileType = sourcecode.swift; path = Advertiser.swift; sourceTree = "<group>"; };
		AFF0316B242B8F950092312A /* CustomTextField.swift */ = {isa = PBXFileReference; lastKnownFileType = sourcecode.swift; path = CustomTextField.swift; sourceTree = "<group>"; };
		BC992FE1D66D7ABF96A2DA15 /* Pods-ShoeSwiperMenus.release.xcconfig */ = {isa = PBXFileReference; includeInIndex = 1; lastKnownFileType = text.xcconfig; name = "Pods-ShoeSwiperMenus.release.xcconfig"; path = "Target Support Files/Pods-ShoeSwiperMenus/Pods-ShoeSwiperMenus.release.xcconfig"; sourceTree = "<group>"; };
		C65DB0985D3F56D30B52BDEA /* Pods-ShoeSwiperMenus.debug.xcconfig */ = {isa = PBXFileReference; includeInIndex = 1; lastKnownFileType = text.xcconfig; name = "Pods-ShoeSwiperMenus.debug.xcconfig"; path = "Target Support Files/Pods-ShoeSwiperMenus/Pods-ShoeSwiperMenus.debug.xcconfig"; sourceTree = "<group>"; };
		D4E8D03F6FC6F86CAFC75FF3 /* Pods_ShoeSwiperMenus.framework */ = {isa = PBXFileReference; explicitFileType = wrapper.framework; includeInIndex = 0; path = Pods_ShoeSwiperMenus.framework; sourceTree = BUILT_PRODUCTS_DIR; };
/* End PBXFileReference section */

/* Begin PBXFrameworksBuildPhase section */
		AF3E7153241F97230010DE24 /* Frameworks */ = {
			isa = PBXFrameworksBuildPhase;
			buildActionMask = 2147483647;
			files = (
				B562404A2793739510F0DCD9 /* Pods_ShoeSwiperMenus.framework in Frameworks */,
				AF9A0C7D24979BCE00846FE3 /* LBTATools in Frameworks */,
			);
			runOnlyForDeploymentPostprocessing = 0;
		};
/* End PBXFrameworksBuildPhase section */

/* Begin PBXGroup section */
		1B5E48C9C48744A6B1D770DC /* Pods */ = {
			isa = PBXGroup;
			children = (
				C65DB0985D3F56D30B52BDEA /* Pods-ShoeSwiperMenus.debug.xcconfig */,
				BC992FE1D66D7ABF96A2DA15 /* Pods-ShoeSwiperMenus.release.xcconfig */,
			);
			path = Pods;
			sourceTree = "<group>";
		};
		93FF0981308181CA7354A95A /* Frameworks */ = {
			isa = PBXGroup;
			children = (
				D4E8D03F6FC6F86CAFC75FF3 /* Pods_ShoeSwiperMenus.framework */,
			);
			name = Frameworks;
			sourceTree = "<group>";
		};
		AF03AC3E249A176C0029CAFE /* FeedbackMessages */ = {
			isa = PBXGroup;
			children = (
				AF03AC45249A33710029CAFE /* MessagesNavBar.swift */,
			);
			path = FeedbackMessages;
			sourceTree = "<group>";
		};
		AF2CB911242236AA007C352F /* ViewControllers */ = {
			isa = PBXGroup;
			children = (
				AF7163C124642F9A00415F42 /* LikedPage */,
				AF55CE912446277A00D9A57F /* Shoe Details */,
				AF5E6A132449EC46006D53A7 /* Welsome */,
				AF6500F72429F84A00C126F8 /* SwiperViewController.swift */,
				AF7217072498E4F5008FF4D0 /* ChatLogController.swift */,
				AF58B43F2441DAAC00135387 /* SettingsController.swift */,
			);
			path = ViewControllers;
			sourceTree = "<group>";
		};
		AF2CB914242240DE007C352F /* Helpers */ = {
			isa = PBXGroup;
			children = (
				AFBBC060242650AD0099399B /* Constants.swift */,
				AFBBC061242650AD0099399B /* Utilities.swift */,
			);
			path = Helpers;
			sourceTree = "<group>";
		};
		AF2CB91924237039007C352F /* Media */ = {
			isa = PBXGroup;
			children = (
				AF2CB92824239E7E007C352F /* SSVid8.mov */,
			);
			path = Media;
			sourceTree = "<group>";
		};
		AF3E714D241F97230010DE24 = {
			isa = PBXGroup;
			children = (
				AF3E7158241F97230010DE24 /* ShoeSwiperMenus */,
				AF3E7157241F97230010DE24 /* Products */,
				1B5E48C9C48744A6B1D770DC /* Pods */,
				93FF0981308181CA7354A95A /* Frameworks */,
			);
			sourceTree = "<group>";
		};
		AF3E7157241F97230010DE24 /* Products */ = {
			isa = PBXGroup;
			children = (
				AF3E7156241F97230010DE24 /* ShoeSwiperMenus.app */,
			);
			name = Products;
			sourceTree = "<group>";
		};
		AF3E7158241F97230010DE24 /* ShoeSwiperMenus */ = {
			isa = PBXGroup;
			children = (
				AFF03163242AA2450092312A /* Model */,
				AFF03166242AAD370092312A /* ViewModels */,
				AFB5A46A242A3ED900E9BC3A /* Views */,
				AF2CB911242236AA007C352F /* ViewControllers */,
				AF3E7159241F97230010DE24 /* AppDelegate.swift */,
				AF3E715B241F97230010DE24 /* SceneDelegate.swift */,
				AF3E715F241F97230010DE24 /* Main.storyboard */,
				AFB5A467242A38B900E9BC3A /* Extensions */,
				AF2CB914242240DE007C352F /* Helpers */,
				AF3E7162241F97240010DE24 /* Assets.xcassets */,
				AF3E7164241F97240010DE24 /* LaunchScreen.storyboard */,
				AF3E7167241F97240010DE24 /* Info.plist */,
				AFBBC064242651910099399B /* GoogleService-Info.plist */,
				AF2CB91924237039007C352F /* Media */,
			);
			path = ShoeSwiperMenus;
			sourceTree = "<group>";
		};
		AF55CE912446277A00D9A57F /* Shoe Details */ = {
			isa = PBXGroup;
			children = (
				AF55CE92244627AA00D9A57F /* ShoeDetailsViewController.swift */,
				AF55CE9424472E3F00D9A57F /* SwipingPhotosController.swift */,
				AF5E6A112448721E006D53A7 /* PhotoController.swift */,
			);
			path = "Shoe Details";
			sourceTree = "<group>";
		};
		AF5E6A132449EC46006D53A7 /* Welsome */ = {
			isa = PBXGroup;
			children = (
				AF2CB90D24223688007C352F /* LoginViewController.swift */,
				AF2CB91224223912007C352F /* WelcomeViewController.swift */,
				AF2CB90B24223679007C352F /* SignupViewController.swift */,
			);
			path = Welsome;
			sourceTree = "<group>";
		};
		AF7163C124642F9A00415F42 /* LikedPage */ = {
			isa = PBXGroup;
			children = (
				AF5E6A142449ECAD006D53A7 /* LikesController.swift */,
				AF7163C224642FB800415F42 /* LikedNavBar.swift */,
			);
			path = LikedPage;
			sourceTree = "<group>";
		};
		AFB5A467242A38B900E9BC3A /* Extensions */ = {
			isa = PBXGroup;
			children = (
			);
			path = Extensions;
			sourceTree = "<group>";
		};
		AFB5A46A242A3ED900E9BC3A /* Views */ = {
			isa = PBXGroup;
			children = (
				AF03AC3E249A176C0029CAFE /* FeedbackMessages */,
				AFB5A46B242A3F0400E9BC3A /* SwipeBottomControlsUIStackView.swift */,
				AFF0315F242A56B60092312A /* TopNavigationStackView.swift */,
				AFF03161242A610E0092312A /* CardView.swift */,
				AFF0316B242B8F950092312A /* CustomTextField.swift */,
				AF58B4412441FAE500135387 /* SettingsCell.swift */,
				AF58B4452444843200135387 /* AgeRangeCell.swift */,
				AF55CE8F2445803A00D9A57F /* LogoutTableViewCell.swift */,
				AF9A0C792497766500846FE3 /* FeedBackTableViewCell.swift */,
			);
			path = Views;
			sourceTree = "<group>";
		};
		AFF03163242AA2450092312A /* Model */ = {
			isa = PBXGroup;
			children = (
				AFF03164242AA2680092312A /* User.swift */,
				AFF03169242AB4000092312A /* Advertiser.swift */,
				AF58B443244462C900135387 /* ActualUser.swift */,
				AF5EFE9E244DAF89006642BE /* Shoe.swift */,
			);
			path = Model;
			sourceTree = "<group>";
		};
		AFF03166242AAD370092312A /* ViewModels */ = {
			isa = PBXGroup;
			children = (
				AFF03167242AAD4F0092312A /* CardViewModel.swift */,
			);
			path = ViewModels;
			sourceTree = "<group>";
		};
/* End PBXGroup section */

/* Begin PBXNativeTarget section */
		AF3E7155241F97230010DE24 /* ShoeSwiperMenus */ = {
			isa = PBXNativeTarget;
			buildConfigurationList = AF3E716A241F97240010DE24 /* Build configuration list for PBXNativeTarget "ShoeSwiperMenus" */;
			buildPhases = (
				6A02439DDBF7BF2AF9E47A0A /* [CP] Check Pods Manifest.lock */,
				AF3E7152241F97230010DE24 /* Sources */,
				AF3E7153241F97230010DE24 /* Frameworks */,
				AF3E7154241F97230010DE24 /* Resources */,
				0A38E317DAA5A9D2779E3BD5 /* [CP] Embed Pods Frameworks */,
			);
			buildRules = (
			);
			dependencies = (
			);
			name = ShoeSwiperMenus;
			packageProductDependencies = (
				AF9A0C7C24979BCE00846FE3 /* LBTATools */,
			);
			productName = ShoeSwiperMenus;
			productReference = AF3E7156241F97230010DE24 /* ShoeSwiperMenus.app */;
			productType = "com.apple.product-type.application";
		};
/* End PBXNativeTarget section */

/* Begin PBXProject section */
		AF3E714E241F97230010DE24 /* Project object */ = {
			isa = PBXProject;
			attributes = {
				LastSwiftUpdateCheck = 1130;
				LastUpgradeCheck = 1130;
				ORGANIZATIONNAME = "Antoine Neidecker";
				TargetAttributes = {
					AF3E7155241F97230010DE24 = {
						CreatedOnToolsVersion = 11.3.1;
					};
				};
			};
			buildConfigurationList = AF3E7151241F97230010DE24 /* Build configuration list for PBXProject "ShoeSwiperMenus" */;
			compatibilityVersion = "Xcode 9.3";
			developmentRegion = en;
			hasScannedForEncodings = 0;
			knownRegions = (
				en,
				Base,
			);
			mainGroup = AF3E714D241F97230010DE24;
			packageReferences = (
				AF9A0C7B24979BCE00846FE3 /* XCRemoteSwiftPackageReference "LBTATools" */,
			);
			productRefGroup = AF3E7157241F97230010DE24 /* Products */;
			projectDirPath = "";
			projectRoot = "";
			targets = (
				AF3E7155241F97230010DE24 /* ShoeSwiperMenus */,
			);
		};
/* End PBXProject section */

/* Begin PBXResourcesBuildPhase section */
		AF3E7154241F97230010DE24 /* Resources */ = {
			isa = PBXResourcesBuildPhase;
			buildActionMask = 2147483647;
			files = (
				AF3E7166241F97240010DE24 /* LaunchScreen.storyboard in Resources */,
				AF3E7163241F97240010DE24 /* Assets.xcassets in Resources */,
				AFBBC065242651910099399B /* GoogleService-Info.plist in Resources */,
				AF3E7161241F97230010DE24 /* Main.storyboard in Resources */,
				AF2CB92924239E7E007C352F /* SSVid8.mov in Resources */,
			);
			runOnlyForDeploymentPostprocessing = 0;
		};
/* End PBXResourcesBuildPhase section */

/* Begin PBXShellScriptBuildPhase section */
		0A38E317DAA5A9D2779E3BD5 /* [CP] Embed Pods Frameworks */ = {
			isa = PBXShellScriptBuildPhase;
			buildActionMask = 2147483647;
			files = (
			);
			inputFileListPaths = (
				"${PODS_ROOT}/Target Support Files/Pods-ShoeSwiperMenus/Pods-ShoeSwiperMenus-frameworks-${CONFIGURATION}-input-files.xcfilelist",
			);
			name = "[CP] Embed Pods Frameworks";
			outputFileListPaths = (
				"${PODS_ROOT}/Target Support Files/Pods-ShoeSwiperMenus/Pods-ShoeSwiperMenus-frameworks-${CONFIGURATION}-output-files.xcfilelist",
			);
			runOnlyForDeploymentPostprocessing = 0;
			shellPath = /bin/sh;
			shellScript = "\"${PODS_ROOT}/Target Support Files/Pods-ShoeSwiperMenus/Pods-ShoeSwiperMenus-frameworks.sh\"\n";
			showEnvVarsInLog = 0;
		};
		6A02439DDBF7BF2AF9E47A0A /* [CP] Check Pods Manifest.lock */ = {
			isa = PBXShellScriptBuildPhase;
			buildActionMask = 2147483647;
			files = (
			);
			inputFileListPaths = (
			);
			inputPaths = (
				"${PODS_PODFILE_DIR_PATH}/Podfile.lock",
				"${PODS_ROOT}/Manifest.lock",
			);
			name = "[CP] Check Pods Manifest.lock";
			outputFileListPaths = (
			);
			outputPaths = (
				"$(DERIVED_FILE_DIR)/Pods-ShoeSwiperMenus-checkManifestLockResult.txt",
			);
			runOnlyForDeploymentPostprocessing = 0;
			shellPath = /bin/sh;
			shellScript = "diff \"${PODS_PODFILE_DIR_PATH}/Podfile.lock\" \"${PODS_ROOT}/Manifest.lock\" > /dev/null\nif [ $? != 0 ] ; then\n    # print error to STDERR\n    echo \"error: The sandbox is not in sync with the Podfile.lock. Run 'pod install' or update your CocoaPods installation.\" >&2\n    exit 1\nfi\n# This output is used by Xcode 'outputs' to avoid re-running this script phase.\necho \"SUCCESS\" > \"${SCRIPT_OUTPUT_FILE_0}\"\n";
			showEnvVarsInLog = 0;
		};
/* End PBXShellScriptBuildPhase section */

/* Begin PBXSourcesBuildPhase section */
		AF3E7152241F97230010DE24 /* Sources */ = {
			isa = PBXSourcesBuildPhase;
			buildActionMask = 2147483647;
			files = (
				AF3E715A241F97230010DE24 /* AppDelegate.swift in Sources */,
				AF2CB90C24223679007C352F /* SignupViewController.swift in Sources */,
				AF55CE93244627AA00D9A57F /* ShoeDetailsViewController.swift in Sources */,
				AF55CE9524472E3F00D9A57F /* SwipingPhotosController.swift in Sources */,
				AF58B4402441DAAC00135387 /* SettingsController.swift in Sources */,
				AF7163C324642FB800415F42 /* LikedNavBar.swift in Sources */,
				AFB5A46C242A3F0400E9BC3A /* SwipeBottomControlsUIStackView.swift in Sources */,
				AF5E6A122448721E006D53A7 /* PhotoController.swift in Sources */,
				AFF0316C242B8F950092312A /* CustomTextField.swift in Sources */,
				AF2CB90E24223688007C352F /* LoginViewController.swift in Sources */,
				AFF03165242AA2680092312A /* User.swift in Sources */,
				AF58B4422441FAE500135387 /* SettingsCell.swift in Sources */,
				AFF0316A242AB4000092312A /* Advertiser.swift in Sources */,
				AFF03168242AAD4F0092312A /* CardViewModel.swift in Sources */,
				AF7163C52464391700415F42 /* LikesController.swift in Sources */,
				AF3E715C241F97230010DE24 /* SceneDelegate.swift in Sources */,
				AF58B4462444843200135387 /* AgeRangeCell.swift in Sources */,
				AF9A0C7A2497766500846FE3 /* FeedBackTableViewCell.swift in Sources */,
				AFF03160242A56B60092312A /* TopNavigationStackView.swift in Sources */,
				AF2CB91324223912007C352F /* WelcomeViewController.swift in Sources */,
				AFBBC063242650AD0099399B /* Utilities.swift in Sources */,
				AF6500F82429F84A00C126F8 /* SwiperViewController.swift in Sources */,
				AF55CE902445803A00D9A57F /* LogoutTableViewCell.swift in Sources */,
				AFF03162242A610E0092312A /* CardView.swift in Sources */,
				AF7217082498E4F5008FF4D0 /* ChatLogController.swift in Sources */,
				AF5EFE9F244DAF89006642BE /* Shoe.swift in Sources */,
				AF58B444244462CA00135387 /* ActualUser.swift in Sources */,
				AF03AC46249A33710029CAFE /* MessagesNavBar.swift in Sources */,
				AFBBC062242650AD0099399B /* Constants.swift in Sources */,
			);
			runOnlyForDeploymentPostprocessing = 0;
		};
/* End PBXSourcesBuildPhase section */

/* Begin PBXVariantGroup section */
		AF3E715F241F97230010DE24 /* Main.storyboard */ = {
			isa = PBXVariantGroup;
			children = (
				AF3E7160241F97230010DE24 /* Base */,
			);
			name = Main.storyboard;
			sourceTree = "<group>";
		};
		AF3E7164241F97240010DE24 /* LaunchScreen.storyboard */ = {
			isa = PBXVariantGroup;
			children = (
				AF3E7165241F97240010DE24 /* Base */,
			);
			name = LaunchScreen.storyboard;
			sourceTree = "<group>";
		};
/* End PBXVariantGroup section */

/* Begin XCBuildConfiguration section */
		AF3E7168241F97240010DE24 /* Debug */ = {
			isa = XCBuildConfiguration;
			buildSettings = {
				ALWAYS_SEARCH_USER_PATHS = NO;
				CLANG_ANALYZER_NONNULL = YES;
				CLANG_ANALYZER_NUMBER_OBJECT_CONVERSION = YES_AGGRESSIVE;
				CLANG_CXX_LANGUAGE_STANDARD = "gnu++14";
				CLANG_CXX_LIBRARY = "libc++";
				CLANG_ENABLE_MODULES = YES;
				CLANG_ENABLE_OBJC_ARC = YES;
				CLANG_ENABLE_OBJC_WEAK = YES;
				CLANG_WARN_BLOCK_CAPTURE_AUTORELEASING = YES;
				CLANG_WARN_BOOL_CONVERSION = YES;
				CLANG_WARN_COMMA = YES;
				CLANG_WARN_CONSTANT_CONVERSION = YES;
				CLANG_WARN_DEPRECATED_OBJC_IMPLEMENTATIONS = YES;
				CLANG_WARN_DIRECT_OBJC_ISA_USAGE = YES_ERROR;
				CLANG_WARN_DOCUMENTATION_COMMENTS = YES;
				CLANG_WARN_EMPTY_BODY = YES;
				CLANG_WARN_ENUM_CONVERSION = YES;
				CLANG_WARN_INFINITE_RECURSION = YES;
				CLANG_WARN_INT_CONVERSION = YES;
				CLANG_WARN_NON_LITERAL_NULL_CONVERSION = YES;
				CLANG_WARN_OBJC_IMPLICIT_RETAIN_SELF = YES;
				CLANG_WARN_OBJC_LITERAL_CONVERSION = YES;
				CLANG_WARN_OBJC_ROOT_CLASS = YES_ERROR;
				CLANG_WARN_RANGE_LOOP_ANALYSIS = YES;
				CLANG_WARN_STRICT_PROTOTYPES = YES;
				CLANG_WARN_SUSPICIOUS_MOVE = YES;
				CLANG_WARN_UNGUARDED_AVAILABILITY = YES_AGGRESSIVE;
				CLANG_WARN_UNREACHABLE_CODE = YES;
				CLANG_WARN__DUPLICATE_METHOD_MATCH = YES;
				COPY_PHASE_STRIP = NO;
				DEBUG_INFORMATION_FORMAT = dwarf;
				ENABLE_STRICT_OBJC_MSGSEND = YES;
				ENABLE_TESTABILITY = YES;
				GCC_C_LANGUAGE_STANDARD = gnu11;
				GCC_DYNAMIC_NO_PIC = NO;
				GCC_NO_COMMON_BLOCKS = YES;
				GCC_OPTIMIZATION_LEVEL = 0;
				GCC_PREPROCESSOR_DEFINITIONS = (
					"DEBUG=1",
					"$(inherited)",
				);
				GCC_WARN_64_TO_32_BIT_CONVERSION = YES;
				GCC_WARN_ABOUT_RETURN_TYPE = YES_ERROR;
				GCC_WARN_UNDECLARED_SELECTOR = YES;
				GCC_WARN_UNINITIALIZED_AUTOS = YES_AGGRESSIVE;
				GCC_WARN_UNUSED_FUNCTION = YES;
				GCC_WARN_UNUSED_VARIABLE = YES;
				IPHONEOS_DEPLOYMENT_TARGET = 13.2;
				MTL_ENABLE_DEBUG_INFO = INCLUDE_SOURCE;
				MTL_FAST_MATH = YES;
				ONLY_ACTIVE_ARCH = YES;
				SDKROOT = iphoneos;
				SWIFT_ACTIVE_COMPILATION_CONDITIONS = DEBUG;
				SWIFT_OPTIMIZATION_LEVEL = "-Onone";
			};
			name = Debug;
		};
		AF3E7169241F97240010DE24 /* Release */ = {
			isa = XCBuildConfiguration;
			buildSettings = {
				ALWAYS_SEARCH_USER_PATHS = NO;
				CLANG_ANALYZER_NONNULL = YES;
				CLANG_ANALYZER_NUMBER_OBJECT_CONVERSION = YES_AGGRESSIVE;
				CLANG_CXX_LANGUAGE_STANDARD = "gnu++14";
				CLANG_CXX_LIBRARY = "libc++";
				CLANG_ENABLE_MODULES = YES;
				CLANG_ENABLE_OBJC_ARC = YES;
				CLANG_ENABLE_OBJC_WEAK = YES;
				CLANG_WARN_BLOCK_CAPTURE_AUTORELEASING = YES;
				CLANG_WARN_BOOL_CONVERSION = YES;
				CLANG_WARN_COMMA = YES;
				CLANG_WARN_CONSTANT_CONVERSION = YES;
				CLANG_WARN_DEPRECATED_OBJC_IMPLEMENTATIONS = YES;
				CLANG_WARN_DIRECT_OBJC_ISA_USAGE = YES_ERROR;
				CLANG_WARN_DOCUMENTATION_COMMENTS = YES;
				CLANG_WARN_EMPTY_BODY = YES;
				CLANG_WARN_ENUM_CONVERSION = YES;
				CLANG_WARN_INFINITE_RECURSION = YES;
				CLANG_WARN_INT_CONVERSION = YES;
				CLANG_WARN_NON_LITERAL_NULL_CONVERSION = YES;
				CLANG_WARN_OBJC_IMPLICIT_RETAIN_SELF = YES;
				CLANG_WARN_OBJC_LITERAL_CONVERSION = YES;
				CLANG_WARN_OBJC_ROOT_CLASS = YES_ERROR;
				CLANG_WARN_RANGE_LOOP_ANALYSIS = YES;
				CLANG_WARN_STRICT_PROTOTYPES = YES;
				CLANG_WARN_SUSPICIOUS_MOVE = YES;
				CLANG_WARN_UNGUARDED_AVAILABILITY = YES_AGGRESSIVE;
				CLANG_WARN_UNREACHABLE_CODE = YES;
				CLANG_WARN__DUPLICATE_METHOD_MATCH = YES;
				COPY_PHASE_STRIP = NO;
				DEBUG_INFORMATION_FORMAT = "dwarf-with-dsym";
				ENABLE_NS_ASSERTIONS = NO;
				ENABLE_STRICT_OBJC_MSGSEND = YES;
				GCC_C_LANGUAGE_STANDARD = gnu11;
				GCC_NO_COMMON_BLOCKS = YES;
				GCC_WARN_64_TO_32_BIT_CONVERSION = YES;
				GCC_WARN_ABOUT_RETURN_TYPE = YES_ERROR;
				GCC_WARN_UNDECLARED_SELECTOR = YES;
				GCC_WARN_UNINITIALIZED_AUTOS = YES_AGGRESSIVE;
				GCC_WARN_UNUSED_FUNCTION = YES;
				GCC_WARN_UNUSED_VARIABLE = YES;
				IPHONEOS_DEPLOYMENT_TARGET = 13.2;
				MTL_ENABLE_DEBUG_INFO = NO;
				MTL_FAST_MATH = YES;
				SDKROOT = iphoneos;
				SWIFT_COMPILATION_MODE = wholemodule;
				SWIFT_OPTIMIZATION_LEVEL = "-O";
				VALIDATE_PRODUCT = YES;
			};
			name = Release;
		};
		AF3E716B241F97240010DE24 /* Debug */ = {
			isa = XCBuildConfiguration;
			baseConfigurationReference = C65DB0985D3F56D30B52BDEA /* Pods-ShoeSwiperMenus.debug.xcconfig */;
			buildSettings = {
				ASSETCATALOG_COMPILER_APPICON_NAME = AppIcon;
				CODE_SIGN_IDENTITY = "iPhone Distribution";
				CODE_SIGN_STYLE = Manual;
				CURRENT_PROJECT_VERSION = 1;
				DEVELOPMENT_TEAM = PMA2LFUJAN;
				INFOPLIST_FILE = ShoeSwiperMenus/Info.plist;
				LD_RUNPATH_SEARCH_PATHS = (
					"$(inherited)",
					"@executable_path/Frameworks",
				);
				PRODUCT_BUNDLE_IDENTIFIER = com.antoineneidecker.ShoeSwiper;
				PRODUCT_NAME = "$(TARGET_NAME)";
				PROVISIONING_PROFILE_SPECIFIER = kixProvProf;
				SWIFT_VERSION = 5.0;
				TARGETED_DEVICE_FAMILY = "1,2";
			};
			name = Debug;
		};
		AF3E716C241F97240010DE24 /* Release */ = {
			isa = XCBuildConfiguration;
			baseConfigurationReference = BC992FE1D66D7ABF96A2DA15 /* Pods-ShoeSwiperMenus.release.xcconfig */;
			buildSettings = {
				ASSETCATALOG_COMPILER_APPICON_NAME = AppIcon;
				CODE_SIGN_IDENTITY = "iPhone Distribution";
				CODE_SIGN_STYLE = Manual;
				CURRENT_PROJECT_VERSION = 1;
				DEVELOPMENT_TEAM = PMA2LFUJAN;
				INFOPLIST_FILE = ShoeSwiperMenus/Info.plist;
				LD_RUNPATH_SEARCH_PATHS = (
					"$(inherited)",
					"@executable_path/Frameworks",
				);
				PRODUCT_BUNDLE_IDENTIFIER = com.antoineneidecker.ShoeSwiper;
				PRODUCT_NAME = "$(TARGET_NAME)";
				PROVISIONING_PROFILE_SPECIFIER = kixProvProf;
				SWIFT_VERSION = 5.0;
				TARGETED_DEVICE_FAMILY = "1,2";
			};
			name = Release;
		};
/* End XCBuildConfiguration section */

/* Begin XCConfigurationList section */
		AF3E7151241F97230010DE24 /* Build configuration list for PBXProject "ShoeSwiperMenus" */ = {
			isa = XCConfigurationList;
			buildConfigurations = (
				AF3E7168241F97240010DE24 /* Debug */,
				AF3E7169241F97240010DE24 /* Release */,
			);
			defaultConfigurationIsVisible = 0;
			defaultConfigurationName = Release;
		};
		AF3E716A241F97240010DE24 /* Build configuration list for PBXNativeTarget "ShoeSwiperMenus" */ = {
			isa = XCConfigurationList;
			buildConfigurations = (
				AF3E716B241F97240010DE24 /* Debug */,
				AF3E716C241F97240010DE24 /* Release */,
			);
			defaultConfigurationIsVisible = 0;
			defaultConfigurationName = Release;
		};
/* End XCConfigurationList section */

/* Begin XCRemoteSwiftPackageReference section */
		AF9A0C7B24979BCE00846FE3 /* XCRemoteSwiftPackageReference "LBTATools" */ = {
			isa = XCRemoteSwiftPackageReference;
			repositoryURL = "https://github.com/bhlvoong/LBTATools.git";
			requirement = {
				kind = upToNextMajorVersion;
				minimumVersion = 1.0.17;
			};
		};
/* End XCRemoteSwiftPackageReference section */

/* Begin XCSwiftPackageProductDependency section */
		AF9A0C7C24979BCE00846FE3 /* LBTATools */ = {
			isa = XCSwiftPackageProductDependency;
			package = AF9A0C7B24979BCE00846FE3 /* XCRemoteSwiftPackageReference "LBTATools" */;
			productName = LBTATools;
		};
/* End XCSwiftPackageProductDependency section */
	};
	rootObject = AF3E714E241F97230010DE24 /* Project object */;
}
