// !$*UTF8*$!
{
	archiveVersion = 1;
	classes = {
	};
	objectVersion = 52;
	objects = {

/* Begin PBXBuildFile section */
		471439EC5E3987FAF68D753F /* Pods_KixApp.framework in Frameworks */ = {isa = PBXBuildFile; fileRef = 6C3A948466A2D38AD39622C7 /* Pods_KixApp.framework */; };
		AF03AC46249A33710029CAFE /* MessagesNavBar.swift in Sources */ = {isa = PBXBuildFile; fileRef = AF03AC45249A33710029CAFE /* MessagesNavBar.swift */; };
		AF2CB90C24223679007C352F /* SignupViewController.swift in Sources */ = {isa = PBXBuildFile; fileRef = AF2CB90B24223679007C352F /* SignupViewController.swift */; };
		AF2CB90E24223688007C352F /* LoginViewController.swift in Sources */ = {isa = PBXBuildFile; fileRef = AF2CB90D24223688007C352F /* LoginViewController.swift */; };
		AF2CB91324223912007C352F /* WelcomeViewController.swift in Sources */ = {isa = PBXBuildFile; fileRef = AF2CB91224223912007C352F /* WelcomeViewController.swift */; };
		AF2DC08B25384AF200356082 /* FeedController.swift in Sources */ = {isa = PBXBuildFile; fileRef = AF2DC08A25384AF200356082 /* FeedController.swift */; };
		AF367F9524E934C2001F5716 /* PanelInteractionController.swift in Sources */ = {isa = PBXBuildFile; fileRef = AF367F9024E9337A001F5716 /* PanelInteractionController.swift */; };
		AF367F9624E934C2001F5716 /* PanelPresentationController.swift in Sources */ = {isa = PBXBuildFile; fileRef = AF367F8F24E9337A001F5716 /* PanelPresentationController.swift */; };
		AF367F9724E934C2001F5716 /* PanelTransitioningDelegate.swift in Sources */ = {isa = PBXBuildFile; fileRef = AF367F8E24E9337A001F5716 /* PanelTransitioningDelegate.swift */; };
		AF367F9824E934C2001F5716 /* PanelAnimationController.swift in Sources */ = {isa = PBXBuildFile; fileRef = AF367F9124E9337B001F5716 /* PanelAnimationController.swift */; };
		AF3E715A241F97230010DE24 /* AppDelegate.swift in Sources */ = {isa = PBXBuildFile; fileRef = AF3E7159241F97230010DE24 /* AppDelegate.swift */; };
		AF3E715C241F97230010DE24 /* SceneDelegate.swift in Sources */ = {isa = PBXBuildFile; fileRef = AF3E715B241F97230010DE24 /* SceneDelegate.swift */; };
		AF3E7161241F97230010DE24 /* Main.storyboard in Resources */ = {isa = PBXBuildFile; fileRef = AF3E715F241F97230010DE24 /* Main.storyboard */; };
		AF3E7163241F97240010DE24 /* Assets.xcassets in Resources */ = {isa = PBXBuildFile; fileRef = AF3E7162241F97240010DE24 /* Assets.xcassets */; };
		AF3E7166241F97240010DE24 /* LaunchScreen.storyboard in Resources */ = {isa = PBXBuildFile; fileRef = AF3E7164241F97240010DE24 /* LaunchScreen.storyboard */; };
		AF55CE902445803A00D9A57F /* LogoutTableViewCell.swift in Sources */ = {isa = PBXBuildFile; fileRef = AF55CE8F2445803A00D9A57F /* LogoutTableViewCell.swift */; };
		AF55CE93244627AA00D9A57F /* ShoeDetailsViewController.swift in Sources */ = {isa = PBXBuildFile; fileRef = AF55CE92244627AA00D9A57F /* ShoeDetailsViewController.swift */; };
		AF55CE9524472E3F00D9A57F /* SwipingPhotosController.swift in Sources */ = {isa = PBXBuildFile; fileRef = AF55CE9424472E3F00D9A57F /* SwipingPhotosController.swift */; };
		AF58B4402441DAAC00135387 /* SettingsController.swift in Sources */ = {isa = PBXBuildFile; fileRef = AF58B43F2441DAAC00135387 /* SettingsController.swift */; };
		AF58B4422441FAE500135387 /* SettingsCell.swift in Sources */ = {isa = PBXBuildFile; fileRef = AF58B4412441FAE500135387 /* SettingsCell.swift */; };
		AF58B444244462CA00135387 /* ActualUser.swift in Sources */ = {isa = PBXBuildFile; fileRef = AF58B443244462C900135387 /* ActualUser.swift */; };
		AF58B4462444843200135387 /* AgeRangeCell.swift in Sources */ = {isa = PBXBuildFile; fileRef = AF58B4452444843200135387 /* AgeRangeCell.swift */; };
		AF5E6A122448721E006D53A7 /* PhotoController.swift in Sources */ = {isa = PBXBuildFile; fileRef = AF5E6A112448721E006D53A7 /* PhotoController.swift */; };
		AF5EFE9F244DAF89006642BE /* Shoe.swift in Sources */ = {isa = PBXBuildFile; fileRef = AF5EFE9E244DAF89006642BE /* Shoe.swift */; };
		AF6500F82429F84A00C126F8 /* SwiperViewController.swift in Sources */ = {isa = PBXBuildFile; fileRef = AF6500F72429F84A00C126F8 /* SwiperViewController.swift */; };
		AF7163C324642FB800415F42 /* LikedNavBar.swift in Sources */ = {isa = PBXBuildFile; fileRef = AF7163C224642FB800415F42 /* LikedNavBar.swift */; };
		AF7163C52464391700415F42 /* LikesController.swift in Sources */ = {isa = PBXBuildFile; fileRef = AF5E6A142449ECAD006D53A7 /* LikesController.swift */; };
		AF7217082498E4F5008FF4D0 /* ChatLogController.swift in Sources */ = {isa = PBXBuildFile; fileRef = AF7217072498E4F5008FF4D0 /* ChatLogController.swift */; };
		AF8140B42574F822005C5C5B /* Post.swift in Sources */ = {isa = PBXBuildFile; fileRef = AF8140B32574F822005C5C5B /* Post.swift */; };
		AF8140CF2574FA4A005C5C5B /* PageContainer.swift in Sources */ = {isa = PBXBuildFile; fileRef = AF8140BD2574FA4A005C5C5B /* PageContainer.swift */; };
		AF8140D02574FA4A005C5C5B /* PageViewItem.swift in Sources */ = {isa = PBXBuildFile; fileRef = AF8140BF2574FA4A005C5C5B /* PageViewItem.swift */; };
		AF8140D12574FA4A005C5C5B /* PageView.swift in Sources */ = {isa = PBXBuildFile; fileRef = AF8140C02574FA4A005C5C5B /* PageView.swift */; };
		AF8140D22574FA4A005C5C5B /* OnboardingContentView.swift in Sources */ = {isa = PBXBuildFile; fileRef = AF8140C22574FA4A005C5C5B /* OnboardingContentView.swift */; };
		AF8140D32574FA4A005C5C5B /* OnboardingContantViewItem.swift in Sources */ = {isa = PBXBuildFile; fileRef = AF8140C42574FA4A005C5C5B /* OnboardingContantViewItem.swift */; };
		AF8140D42574FA4A005C5C5B /* PaperOnboardingDelegate.swift in Sources */ = {isa = PBXBuildFile; fileRef = AF8140C52574FA4A005C5C5B /* PaperOnboardingDelegate.swift */; };
		AF8140D52574FA4A005C5C5B /* FillAnimationView.swift in Sources */ = {isa = PBXBuildFile; fileRef = AF8140C72574FA4A005C5C5B /* FillAnimationView.swift */; };
		AF8140D62574FA4A005C5C5B /* PaperOnboardingDataSource.swift in Sources */ = {isa = PBXBuildFile; fileRef = AF8140C82574FA4A005C5C5B /* PaperOnboardingDataSource.swift */; };
		AF8140D72574FA4A005C5C5B /* GestureControl.swift in Sources */ = {isa = PBXBuildFile; fileRef = AF8140CA2574FA4A005C5C5B /* GestureControl.swift */; };
		AF8140D82574FA4A005C5C5B /* PaperOnboarding.swift in Sources */ = {isa = PBXBuildFile; fileRef = AF8140CB2574FA4A005C5C5B /* PaperOnboarding.swift */; };
		AF8140D92574FA4A005C5C5B /* ConstraintsHelper.swift in Sources */ = {isa = PBXBuildFile; fileRef = AF8140CD2574FA4A005C5C5B /* ConstraintsHelper.swift */; };
		AF8140DA2574FA4A005C5C5B /* Configuring.swift in Sources */ = {isa = PBXBuildFile; fileRef = AF8140CE2574FA4A005C5C5B /* Configuring.swift */; };
		AF8140DD257504E1005C5C5B /* CustomViewCell.m in Sources */ = {isa = PBXBuildFile; fileRef = AF8140DC257504E1005C5C5B /* CustomViewCell.m */; };
		AF8140F22575110F005C5C5B /* Roboto-Medium.ttf in Resources */ = {isa = PBXBuildFile; fileRef = AF8140DF2575110E005C5C5B /* Roboto-Medium.ttf */; };
		AF8140F32575110F005C5C5B /* Roboto-Light.ttf in Resources */ = {isa = PBXBuildFile; fileRef = AF8140E02575110E005C5C5B /* Roboto-Light.ttf */; };
		AF8140F42575110F005C5C5B /* RobotoCondensed-Bold.ttf in Resources */ = {isa = PBXBuildFile; fileRef = AF8140E12575110E005C5C5B /* RobotoCondensed-Bold.ttf */; };
		AF8140F52575110F005C5C5B /* RobotoCondensed-Light.ttf in Resources */ = {isa = PBXBuildFile; fileRef = AF8140E22575110E005C5C5B /* RobotoCondensed-Light.ttf */; };
		AF8140F62575110F005C5C5B /* Roboto-Regular.ttf in Resources */ = {isa = PBXBuildFile; fileRef = AF8140E32575110E005C5C5B /* Roboto-Regular.ttf */; };
		AF8140F72575110F005C5C5B /* Roboto-MediumItalic.ttf in Resources */ = {isa = PBXBuildFile; fileRef = AF8140E42575110E005C5C5B /* Roboto-MediumItalic.ttf */; };
		AF8140F82575110F005C5C5B /* RobotoCondensed-Italic.ttf in Resources */ = {isa = PBXBuildFile; fileRef = AF8140E52575110E005C5C5B /* RobotoCondensed-Italic.ttf */; };
		AF8140F92575110F005C5C5B /* RobotoCondensed-BoldItalic.ttf in Resources */ = {isa = PBXBuildFile; fileRef = AF8140E62575110E005C5C5B /* RobotoCondensed-BoldItalic.ttf */; };
		AF8140FA2575110F005C5C5B /* Apache License.txt in Resources */ = {isa = PBXBuildFile; fileRef = AF8140E72575110E005C5C5B /* Apache License.txt */; };
		AF8140FB2575110F005C5C5B /* RobotoCondensed-LightItalic.ttf in Resources */ = {isa = PBXBuildFile; fileRef = AF8140E82575110E005C5C5B /* RobotoCondensed-LightItalic.ttf */; };
		AF8140FC2575110F005C5C5B /* Roboto-ThinItalic.ttf in Resources */ = {isa = PBXBuildFile; fileRef = AF8140E92575110E005C5C5B /* Roboto-ThinItalic.ttf */; };
		AF8140FD2575110F005C5C5B /* RobotoCondensed-Regular.ttf in Resources */ = {isa = PBXBuildFile; fileRef = AF8140EA2575110E005C5C5B /* RobotoCondensed-Regular.ttf */; };
		AF8140FE2575110F005C5C5B /* Roboto-BoldItalic.ttf in Resources */ = {isa = PBXBuildFile; fileRef = AF8140EB2575110E005C5C5B /* Roboto-BoldItalic.ttf */; };
		AF8140FF2575110F005C5C5B /* Roboto-LightItalic.ttf in Resources */ = {isa = PBXBuildFile; fileRef = AF8140EC2575110E005C5C5B /* Roboto-LightItalic.ttf */; };
		AF8141002575110F005C5C5B /* Roboto-Italic.ttf in Resources */ = {isa = PBXBuildFile; fileRef = AF8140ED2575110E005C5C5B /* Roboto-Italic.ttf */; };
		AF8141012575110F005C5C5B /* Roboto-BlackItalic.ttf in Resources */ = {isa = PBXBuildFile; fileRef = AF8140EE2575110E005C5C5B /* Roboto-BlackItalic.ttf */; };
		AF8141022575110F005C5C5B /* Roboto-Bold.ttf in Resources */ = {isa = PBXBuildFile; fileRef = AF8140EF2575110E005C5C5B /* Roboto-Bold.ttf */; };
		AF8141032575110F005C5C5B /* Roboto-Thin.ttf in Resources */ = {isa = PBXBuildFile; fileRef = AF8140F02575110E005C5C5B /* Roboto-Thin.ttf */; };
		AF8141042575110F005C5C5B /* Roboto-Black.ttf in Resources */ = {isa = PBXBuildFile; fileRef = AF8140F12575110E005C5C5B /* Roboto-Black.ttf */; };
		AF855A9D24FF87B600033162 /* Matrix.swift in Sources */ = {isa = PBXBuildFile; fileRef = AF855A9C24FF87B600033162 /* Matrix.swift */; };
		AF855AA524FFB44800033162 /* NewSettingsViewController.swift in Sources */ = {isa = PBXBuildFile; fileRef = AF855AA424FFB44800033162 /* NewSettingsViewController.swift */; };
		AF855AAC25000FCD00033162 /* GradientDescent.swift in Sources */ = {isa = PBXBuildFile; fileRef = AF855AAB25000FCD00033162 /* GradientDescent.swift */; };
		AF9763DE25627B1B0006BDDF /* FavoritesController.swift in Sources */ = {isa = PBXBuildFile; fileRef = AF9763DD25627B1B0006BDDF /* FavoritesController.swift */; };
		AF9A0C7A2497766500846FE3 /* FeedBackTableViewCell.swift in Sources */ = {isa = PBXBuildFile; fileRef = AF9A0C792497766500846FE3 /* FeedBackTableViewCell.swift */; };
		AFB5A46C242A3F0400E9BC3A /* SwipeBottomControlsUIStackView.swift in Sources */ = {isa = PBXBuildFile; fileRef = AFB5A46B242A3F0400E9BC3A /* SwipeBottomControlsUIStackView.swift */; };
		AFB5F54F255D82BB00D19872 /* SSVid8.mov in Resources */ = {isa = PBXBuildFile; fileRef = AFB5F54E255D82BA00D19872 /* SSVid8.mov */; };
		AFBBC062242650AD0099399B /* Constants.swift in Sources */ = {isa = PBXBuildFile; fileRef = AFBBC060242650AD0099399B /* Constants.swift */; };
		AFBBC063242650AD0099399B /* Utilities.swift in Sources */ = {isa = PBXBuildFile; fileRef = AFBBC061242650AD0099399B /* Utilities.swift */; };
		AFBBC065242651910099399B /* GoogleService-Info.plist in Resources */ = {isa = PBXBuildFile; fileRef = AFBBC064242651910099399B /* GoogleService-Info.plist */; };
		AFDB9FA0253F40B200FD15B0 /* OnboardingViewController.swift in Sources */ = {isa = PBXBuildFile; fileRef = AFDB9F9F253F40B200FD15B0 /* OnboardingViewController.swift */; };
		AFF03160242A56B60092312A /* TopNavigationStackView.swift in Sources */ = {isa = PBXBuildFile; fileRef = AFF0315F242A56B60092312A /* TopNavigationStackView.swift */; };
		AFF03162242A610E0092312A /* CardView.swift in Sources */ = {isa = PBXBuildFile; fileRef = AFF03161242A610E0092312A /* CardView.swift */; };
		AFF03165242AA2680092312A /* User.swift in Sources */ = {isa = PBXBuildFile; fileRef = AFF03164242AA2680092312A /* User.swift */; };
		AFF03168242AAD4F0092312A /* CardViewModel.swift in Sources */ = {isa = PBXBuildFile; fileRef = AFF03167242AAD4F0092312A /* CardViewModel.swift */; };
		AFF0316A242AB4000092312A /* Advertiser.swift in Sources */ = {isa = PBXBuildFile; fileRef = AFF03169242AB4000092312A /* Advertiser.swift */; };
		AFF0316C242B8F950092312A /* CustomTextField.swift in Sources */ = {isa = PBXBuildFile; fileRef = AFF0316B242B8F950092312A /* CustomTextField.swift */; };
/* End PBXBuildFile section */

/* Begin PBXFileReference section */
		6C3A948466A2D38AD39622C7 /* Pods_KixApp.framework */ = {isa = PBXFileReference; explicitFileType = wrapper.framework; includeInIndex = 0; path = Pods_KixApp.framework; sourceTree = BUILT_PRODUCTS_DIR; };
		954CEAF7294F8CD22A326425 /* Pods-KixApp.debug.xcconfig */ = {isa = PBXFileReference; includeInIndex = 1; lastKnownFileType = text.xcconfig; name = "Pods-KixApp.debug.xcconfig"; path = "Target Support Files/Pods-KixApp/Pods-KixApp.debug.xcconfig"; sourceTree = "<group>"; };
		998EDF648D4ECDBCF361D8DA /* Pods-KixApp.release.xcconfig */ = {isa = PBXFileReference; includeInIndex = 1; lastKnownFileType = text.xcconfig; name = "Pods-KixApp.release.xcconfig"; path = "Target Support Files/Pods-KixApp/Pods-KixApp.release.xcconfig"; sourceTree = "<group>"; };
		AF03AC45249A33710029CAFE /* MessagesNavBar.swift */ = {isa = PBXFileReference; lastKnownFileType = sourcecode.swift; path = MessagesNavBar.swift; sourceTree = "<group>"; };
		AF2CB90B24223679007C352F /* SignupViewController.swift */ = {isa = PBXFileReference; lastKnownFileType = sourcecode.swift; path = SignupViewController.swift; sourceTree = "<group>"; };
		AF2CB90D24223688007C352F /* LoginViewController.swift */ = {isa = PBXFileReference; lastKnownFileType = sourcecode.swift; path = LoginViewController.swift; sourceTree = "<group>"; };
		AF2CB91224223912007C352F /* WelcomeViewController.swift */ = {isa = PBXFileReference; lastKnownFileType = sourcecode.swift; path = WelcomeViewController.swift; sourceTree = "<group>"; };
		AF2DC08A25384AF200356082 /* FeedController.swift */ = {isa = PBXFileReference; lastKnownFileType = sourcecode.swift; path = FeedController.swift; sourceTree = "<group>"; };
		AF367F8E24E9337A001F5716 /* PanelTransitioningDelegate.swift */ = {isa = PBXFileReference; lastKnownFileType = sourcecode.swift; path = PanelTransitioningDelegate.swift; sourceTree = "<group>"; };
		AF367F8F24E9337A001F5716 /* PanelPresentationController.swift */ = {isa = PBXFileReference; lastKnownFileType = sourcecode.swift; path = PanelPresentationController.swift; sourceTree = "<group>"; };
		AF367F9024E9337A001F5716 /* PanelInteractionController.swift */ = {isa = PBXFileReference; lastKnownFileType = sourcecode.swift; path = PanelInteractionController.swift; sourceTree = "<group>"; };
		AF367F9124E9337B001F5716 /* PanelAnimationController.swift */ = {isa = PBXFileReference; lastKnownFileType = sourcecode.swift; path = PanelAnimationController.swift; sourceTree = "<group>"; };
		AF3E7156241F97230010DE24 /* KixApp.app */ = {isa = PBXFileReference; explicitFileType = wrapper.application; includeInIndex = 0; path = KixApp.app; sourceTree = BUILT_PRODUCTS_DIR; };
		AF3E7159241F97230010DE24 /* AppDelegate.swift */ = {isa = PBXFileReference; lastKnownFileType = sourcecode.swift; path = AppDelegate.swift; sourceTree = "<group>"; };
		AF3E715B241F97230010DE24 /* SceneDelegate.swift */ = {isa = PBXFileReference; lastKnownFileType = sourcecode.swift; path = SceneDelegate.swift; sourceTree = "<group>"; };
		AF3E7160241F97230010DE24 /* Base */ = {isa = PBXFileReference; lastKnownFileType = file.storyboard; name = Base; path = Base.lproj/Main.storyboard; sourceTree = "<group>"; };
		AF3E7162241F97240010DE24 /* Assets.xcassets */ = {isa = PBXFileReference; lastKnownFileType = folder.assetcatalog; path = Assets.xcassets; sourceTree = "<group>"; };
		AF3E7165241F97240010DE24 /* Base */ = {isa = PBXFileReference; lastKnownFileType = file.storyboard; name = Base; path = Base.lproj/LaunchScreen.storyboard; sourceTree = "<group>"; };
		AF3E7167241F97240010DE24 /* Info.plist */ = {isa = PBXFileReference; lastKnownFileType = text.plist.xml; path = Info.plist; sourceTree = "<group>"; };
		AF55CE8F2445803A00D9A57F /* LogoutTableViewCell.swift */ = {isa = PBXFileReference; lastKnownFileType = sourcecode.swift; path = LogoutTableViewCell.swift; sourceTree = "<group>"; };
		AF55CE92244627AA00D9A57F /* ShoeDetailsViewController.swift */ = {isa = PBXFileReference; lastKnownFileType = sourcecode.swift; path = ShoeDetailsViewController.swift; sourceTree = "<group>"; };
		AF55CE9424472E3F00D9A57F /* SwipingPhotosController.swift */ = {isa = PBXFileReference; lastKnownFileType = sourcecode.swift; path = SwipingPhotosController.swift; sourceTree = "<group>"; };
		AF58B43F2441DAAC00135387 /* SettingsController.swift */ = {isa = PBXFileReference; lastKnownFileType = sourcecode.swift; path = SettingsController.swift; sourceTree = "<group>"; };
		AF58B4412441FAE500135387 /* SettingsCell.swift */ = {isa = PBXFileReference; lastKnownFileType = sourcecode.swift; path = SettingsCell.swift; sourceTree = "<group>"; };
		AF58B443244462C900135387 /* ActualUser.swift */ = {isa = PBXFileReference; lastKnownFileType = sourcecode.swift; path = ActualUser.swift; sourceTree = "<group>"; };
		AF58B4452444843200135387 /* AgeRangeCell.swift */ = {isa = PBXFileReference; lastKnownFileType = sourcecode.swift; path = AgeRangeCell.swift; sourceTree = "<group>"; };
		AF5E6A112448721E006D53A7 /* PhotoController.swift */ = {isa = PBXFileReference; lastKnownFileType = sourcecode.swift; path = PhotoController.swift; sourceTree = "<group>"; };
		AF5E6A142449ECAD006D53A7 /* LikesController.swift */ = {isa = PBXFileReference; lastKnownFileType = sourcecode.swift; name = LikesController.swift; path = "../New Group/LikesController.swift"; sourceTree = "<group>"; };
		AF5EFE9E244DAF89006642BE /* Shoe.swift */ = {isa = PBXFileReference; lastKnownFileType = sourcecode.swift; path = Shoe.swift; sourceTree = "<group>"; };
		AF6500F72429F84A00C126F8 /* SwiperViewController.swift */ = {isa = PBXFileReference; lastKnownFileType = sourcecode.swift; path = SwiperViewController.swift; sourceTree = "<group>"; };
		AF7163C224642FB800415F42 /* LikedNavBar.swift */ = {isa = PBXFileReference; lastKnownFileType = sourcecode.swift; path = LikedNavBar.swift; sourceTree = "<group>"; };
		AF7217072498E4F5008FF4D0 /* ChatLogController.swift */ = {isa = PBXFileReference; lastKnownFileType = sourcecode.swift; path = ChatLogController.swift; sourceTree = "<group>"; };
		AF8140B32574F822005C5C5B /* Post.swift */ = {isa = PBXFileReference; lastKnownFileType = sourcecode.swift; path = Post.swift; sourceTree = "<group>"; };
		AF8140BD2574FA4A005C5C5B /* PageContainer.swift */ = {isa = PBXFileReference; fileEncoding = 4; lastKnownFileType = sourcecode.swift; path = PageContainer.swift; sourceTree = "<group>"; };
		AF8140BF2574FA4A005C5C5B /* PageViewItem.swift */ = {isa = PBXFileReference; fileEncoding = 4; lastKnownFileType = sourcecode.swift; path = PageViewItem.swift; sourceTree = "<group>"; };
		AF8140C02574FA4A005C5C5B /* PageView.swift */ = {isa = PBXFileReference; fileEncoding = 4; lastKnownFileType = sourcecode.swift; path = PageView.swift; sourceTree = "<group>"; };
		AF8140C22574FA4A005C5C5B /* OnboardingContentView.swift */ = {isa = PBXFileReference; fileEncoding = 4; lastKnownFileType = sourcecode.swift; path = OnboardingContentView.swift; sourceTree = "<group>"; };
		AF8140C42574FA4A005C5C5B /* OnboardingContantViewItem.swift */ = {isa = PBXFileReference; fileEncoding = 4; lastKnownFileType = sourcecode.swift; path = OnboardingContantViewItem.swift; sourceTree = "<group>"; };
		AF8140C52574FA4A005C5C5B /* PaperOnboardingDelegate.swift */ = {isa = PBXFileReference; fileEncoding = 4; lastKnownFileType = sourcecode.swift; path = PaperOnboardingDelegate.swift; sourceTree = "<group>"; };
		AF8140C72574FA4A005C5C5B /* FillAnimationView.swift */ = {isa = PBXFileReference; fileEncoding = 4; lastKnownFileType = sourcecode.swift; path = FillAnimationView.swift; sourceTree = "<group>"; };
		AF8140C82574FA4A005C5C5B /* PaperOnboardingDataSource.swift */ = {isa = PBXFileReference; fileEncoding = 4; lastKnownFileType = sourcecode.swift; path = PaperOnboardingDataSource.swift; sourceTree = "<group>"; };
		AF8140CA2574FA4A005C5C5B /* GestureControl.swift */ = {isa = PBXFileReference; fileEncoding = 4; lastKnownFileType = sourcecode.swift; path = GestureControl.swift; sourceTree = "<group>"; };
		AF8140CB2574FA4A005C5C5B /* PaperOnboarding.swift */ = {isa = PBXFileReference; fileEncoding = 4; lastKnownFileType = sourcecode.swift; path = PaperOnboarding.swift; sourceTree = "<group>"; };
		AF8140CD2574FA4A005C5C5B /* ConstraintsHelper.swift */ = {isa = PBXFileReference; fileEncoding = 4; lastKnownFileType = sourcecode.swift; path = ConstraintsHelper.swift; sourceTree = "<group>"; };
		AF8140CE2574FA4A005C5C5B /* Configuring.swift */ = {isa = PBXFileReference; fileEncoding = 4; lastKnownFileType = sourcecode.swift; path = Configuring.swift; sourceTree = "<group>"; };
		AF8140DB257504E1005C5C5B /* CustomViewCell.h */ = {isa = PBXFileReference; fileEncoding = 4; lastKnownFileType = sourcecode.c.h; path = CustomViewCell.h; sourceTree = "<group>"; };
		AF8140DC257504E1005C5C5B /* CustomViewCell.m */ = {isa = PBXFileReference; fileEncoding = 4; lastKnownFileType = sourcecode.c.objc; path = CustomViewCell.m; sourceTree = "<group>"; };
		AF8140DF2575110E005C5C5B /* Roboto-Medium.ttf */ = {isa = PBXFileReference; lastKnownFileType = file; path = "Roboto-Medium.ttf"; sourceTree = "<group>"; };
		AF8140E02575110E005C5C5B /* Roboto-Light.ttf */ = {isa = PBXFileReference; lastKnownFileType = file; path = "Roboto-Light.ttf"; sourceTree = "<group>"; };
		AF8140E12575110E005C5C5B /* RobotoCondensed-Bold.ttf */ = {isa = PBXFileReference; lastKnownFileType = file; path = "RobotoCondensed-Bold.ttf"; sourceTree = "<group>"; };
		AF8140E22575110E005C5C5B /* RobotoCondensed-Light.ttf */ = {isa = PBXFileReference; lastKnownFileType = file; path = "RobotoCondensed-Light.ttf"; sourceTree = "<group>"; };
		AF8140E32575110E005C5C5B /* Roboto-Regular.ttf */ = {isa = PBXFileReference; lastKnownFileType = file; path = "Roboto-Regular.ttf"; sourceTree = "<group>"; };
		AF8140E42575110E005C5C5B /* Roboto-MediumItalic.ttf */ = {isa = PBXFileReference; lastKnownFileType = file; path = "Roboto-MediumItalic.ttf"; sourceTree = "<group>"; };
		AF8140E52575110E005C5C5B /* RobotoCondensed-Italic.ttf */ = {isa = PBXFileReference; lastKnownFileType = file; path = "RobotoCondensed-Italic.ttf"; sourceTree = "<group>"; };
		AF8140E62575110E005C5C5B /* RobotoCondensed-BoldItalic.ttf */ = {isa = PBXFileReference; lastKnownFileType = file; path = "RobotoCondensed-BoldItalic.ttf"; sourceTree = "<group>"; };
		AF8140E72575110E005C5C5B /* Apache License.txt */ = {isa = PBXFileReference; fileEncoding = 4; lastKnownFileType = text; path = "Apache License.txt"; sourceTree = "<group>"; };
		AF8140E82575110E005C5C5B /* RobotoCondensed-LightItalic.ttf */ = {isa = PBXFileReference; lastKnownFileType = file; path = "RobotoCondensed-LightItalic.ttf"; sourceTree = "<group>"; };
		AF8140E92575110E005C5C5B /* Roboto-ThinItalic.ttf */ = {isa = PBXFileReference; lastKnownFileType = file; path = "Roboto-ThinItalic.ttf"; sourceTree = "<group>"; };
		AF8140EA2575110E005C5C5B /* RobotoCondensed-Regular.ttf */ = {isa = PBXFileReference; lastKnownFileType = file; path = "RobotoCondensed-Regular.ttf"; sourceTree = "<group>"; };
		AF8140EB2575110E005C5C5B /* Roboto-BoldItalic.ttf */ = {isa = PBXFileReference; lastKnownFileType = file; path = "Roboto-BoldItalic.ttf"; sourceTree = "<group>"; };
		AF8140EC2575110E005C5C5B /* Roboto-LightItalic.ttf */ = {isa = PBXFileReference; lastKnownFileType = file; path = "Roboto-LightItalic.ttf"; sourceTree = "<group>"; };
		AF8140ED2575110E005C5C5B /* Roboto-Italic.ttf */ = {isa = PBXFileReference; lastKnownFileType = file; path = "Roboto-Italic.ttf"; sourceTree = "<group>"; };
		AF8140EE2575110E005C5C5B /* Roboto-BlackItalic.ttf */ = {isa = PBXFileReference; lastKnownFileType = file; path = "Roboto-BlackItalic.ttf"; sourceTree = "<group>"; };
		AF8140EF2575110E005C5C5B /* Roboto-Bold.ttf */ = {isa = PBXFileReference; lastKnownFileType = file; path = "Roboto-Bold.ttf"; sourceTree = "<group>"; };
		AF8140F02575110E005C5C5B /* Roboto-Thin.ttf */ = {isa = PBXFileReference; lastKnownFileType = file; path = "Roboto-Thin.ttf"; sourceTree = "<group>"; };
		AF8140F12575110E005C5C5B /* Roboto-Black.ttf */ = {isa = PBXFileReference; lastKnownFileType = file; path = "Roboto-Black.ttf"; sourceTree = "<group>"; };
		AF855A9C24FF87B600033162 /* Matrix.swift */ = {isa = PBXFileReference; lastKnownFileType = sourcecode.swift; path = Matrix.swift; sourceTree = "<group>"; };
		AF855AA424FFB44800033162 /* NewSettingsViewController.swift */ = {isa = PBXFileReference; lastKnownFileType = sourcecode.swift; path = NewSettingsViewController.swift; sourceTree = "<group>"; };
		AF855AAB25000FCD00033162 /* GradientDescent.swift */ = {isa = PBXFileReference; lastKnownFileType = sourcecode.swift; path = GradientDescent.swift; sourceTree = "<group>"; };
		AF9763DD25627B1B0006BDDF /* FavoritesController.swift */ = {isa = PBXFileReference; lastKnownFileType = sourcecode.swift; path = FavoritesController.swift; sourceTree = "<group>"; };
		AF9A0C792497766500846FE3 /* FeedBackTableViewCell.swift */ = {isa = PBXFileReference; lastKnownFileType = sourcecode.swift; path = FeedBackTableViewCell.swift; sourceTree = "<group>"; };
		AFB5A46B242A3F0400E9BC3A /* SwipeBottomControlsUIStackView.swift */ = {isa = PBXFileReference; lastKnownFileType = sourcecode.swift; path = SwipeBottomControlsUIStackView.swift; sourceTree = "<group>"; };
		AFB5F54E255D82BA00D19872 /* SSVid8.mov */ = {isa = PBXFileReference; lastKnownFileType = video.quicktime; name = SSVid8.mov; path = KixApp/SSVid8.mov; sourceTree = SOURCE_ROOT; };
		AFBBC060242650AD0099399B /* Constants.swift */ = {isa = PBXFileReference; fileEncoding = 4; lastKnownFileType = sourcecode.swift; path = Constants.swift; sourceTree = "<group>"; };
		AFBBC061242650AD0099399B /* Utilities.swift */ = {isa = PBXFileReference; fileEncoding = 4; lastKnownFileType = sourcecode.swift; path = Utilities.swift; sourceTree = "<group>"; };
		AFBBC064242651910099399B /* GoogleService-Info.plist */ = {isa = PBXFileReference; fileEncoding = 4; lastKnownFileType = text.plist.xml; path = "GoogleService-Info.plist"; sourceTree = "<group>"; };
		AFDB9F9F253F40B200FD15B0 /* OnboardingViewController.swift */ = {isa = PBXFileReference; fileEncoding = 4; lastKnownFileType = sourcecode.swift; path = OnboardingViewController.swift; sourceTree = "<group>"; };
		AFF0315F242A56B60092312A /* TopNavigationStackView.swift */ = {isa = PBXFileReference; lastKnownFileType = sourcecode.swift; path = TopNavigationStackView.swift; sourceTree = "<group>"; };
		AFF03161242A610E0092312A /* CardView.swift */ = {isa = PBXFileReference; lastKnownFileType = sourcecode.swift; path = CardView.swift; sourceTree = "<group>"; };
		AFF03164242AA2680092312A /* User.swift */ = {isa = PBXFileReference; lastKnownFileType = sourcecode.swift; path = User.swift; sourceTree = "<group>"; };
		AFF03167242AAD4F0092312A /* CardViewModel.swift */ = {isa = PBXFileReference; lastKnownFileType = sourcecode.swift; path = CardViewModel.swift; sourceTree = "<group>"; };
		AFF03169242AB4000092312A /* Advertiser.swift */ = {isa = PBXFileReference; lastKnownFileType = sourcecode.swift; path = Advertiser.swift; sourceTree = "<group>"; };
		AFF0316B242B8F950092312A /* CustomTextField.swift */ = {isa = PBXFileReference; lastKnownFileType = sourcecode.swift; path = CustomTextField.swift; sourceTree = "<group>"; };
/* End PBXFileReference section */

/* Begin PBXFrameworksBuildPhase section */
		AF3E7153241F97230010DE24 /* Frameworks */ = {
			isa = PBXFrameworksBuildPhase;
			buildActionMask = 2147483647;
			files = (
				471439EC5E3987FAF68D753F /* Pods_KixApp.framework in Frameworks */,
			);
			runOnlyForDeploymentPostprocessing = 0;
		};
/* End PBXFrameworksBuildPhase section */

/* Begin PBXGroup section */
		1B5E48C9C48744A6B1D770DC /* Pods */ = {
			isa = PBXGroup;
			children = (
				954CEAF7294F8CD22A326425 /* Pods-KixApp.debug.xcconfig */,
				998EDF648D4ECDBCF361D8DA /* Pods-KixApp.release.xcconfig */,
			);
			path = Pods;
			sourceTree = "<group>";
		};
		A51F113FF4257F63C1C2B2DA /* Frameworks */ = {
			isa = PBXGroup;
			children = (
				6C3A948466A2D38AD39622C7 /* Pods_KixApp.framework */,
			);
			name = Frameworks;
			sourceTree = "<group>";
		};
		AF03AC3E249A176C0029CAFE /* FeedbackMessages */ = {
			isa = PBXGroup;
			children = (
				AF03AC45249A33710029CAFE /* MessagesNavBar.swift */,
			);
			path = FeedbackMessages;
			sourceTree = "<group>";
		};
		AF2CB911242236AA007C352F /* ViewControllers */ = {
			isa = PBXGroup;
			children = (
				AF7163C124642F9A00415F42 /* LikedPage */,
				AF55CE912446277A00D9A57F /* Shoe Details */,
				AF5E6A132449EC46006D53A7 /* Welsome */,
				AF6500F72429F84A00C126F8 /* SwiperViewController.swift */,
				AF7217072498E4F5008FF4D0 /* ChatLogController.swift */,
				AF58B43F2441DAAC00135387 /* SettingsController.swift */,
				AF855AA424FFB44800033162 /* NewSettingsViewController.swift */,
			);
			path = ViewControllers;
			sourceTree = "<group>";
		};
		AF2CB914242240DE007C352F /* Helpers */ = {
			isa = PBXGroup;
			children = (
				AFBBC060242650AD0099399B /* Constants.swift */,
				AFBBC061242650AD0099399B /* Utilities.swift */,
			);
			path = Helpers;
			sourceTree = "<group>";
		};
		AF2CB91924237039007C352F /* Media */ = {
			isa = PBXGroup;
			children = (
				AFB5F54E255D82BA00D19872 /* SSVid8.mov */,
			);
			path = Media;
			sourceTree = "<group>";
		};
		AF367F8D24E9336A001F5716 /* Scroll transition */ = {
			isa = PBXGroup;
			children = (
				AF367F9124E9337B001F5716 /* PanelAnimationController.swift */,
				AF367F9024E9337A001F5716 /* PanelInteractionController.swift */,
				AF367F8F24E9337A001F5716 /* PanelPresentationController.swift */,
				AF367F8E24E9337A001F5716 /* PanelTransitioningDelegate.swift */,
			);
			path = "Scroll transition";
			sourceTree = "<group>";
		};
		AF3E714D241F97230010DE24 = {
			isa = PBXGroup;
			children = (
				AF3E7158241F97230010DE24 /* KixApp */,
				AF3E7157241F97230010DE24 /* Products */,
				AF8140DE2575110E005C5C5B /* Fonts */,
				1B5E48C9C48744A6B1D770DC /* Pods */,
				A51F113FF4257F63C1C2B2DA /* Frameworks */,
			);
			sourceTree = "<group>";
		};
		AF3E7157241F97230010DE24 /* Products */ = {
			isa = PBXGroup;
			children = (
				AF3E7156241F97230010DE24 /* KixApp.app */,
			);
			name = Products;
			sourceTree = "<group>";
		};
		AF3E7158241F97230010DE24 /* KixApp */ = {
			isa = PBXGroup;
			children = (
				AF855A9924FF878800033162 /* Math */,
				AFF03163242AA2450092312A /* Model */,
				AFF03166242AAD370092312A /* ViewModels */,
				AFB5A46A242A3ED900E9BC3A /* Views */,
				AF2CB911242236AA007C352F /* ViewControllers */,
				AF3E7159241F97230010DE24 /* AppDelegate.swift */,
				AF3E715B241F97230010DE24 /* SceneDelegate.swift */,
				AF3E715F241F97230010DE24 /* Main.storyboard */,
				AF8140DB257504E1005C5C5B /* CustomViewCell.h */,
				AF8140DC257504E1005C5C5B /* CustomViewCell.m */,
				AFB5A467242A38B900E9BC3A /* Extensions */,
				AF2CB914242240DE007C352F /* Helpers */,
				AF3E7162241F97240010DE24 /* Assets.xcassets */,
				AF3E7164241F97240010DE24 /* LaunchScreen.storyboard */,
				AF3E7167241F97240010DE24 /* Info.plist */,
				AFBBC064242651910099399B /* GoogleService-Info.plist */,
				AF2CB91924237039007C352F /* Media */,
			);
			path = KixApp;
			sourceTree = "<group>";
		};
		AF55CE912446277A00D9A57F /* Shoe Details */ = {
			isa = PBXGroup;
			children = (
				AF367F8D24E9336A001F5716 /* Scroll transition */,
				AF55CE92244627AA00D9A57F /* ShoeDetailsViewController.swift */,
				AF55CE9424472E3F00D9A57F /* SwipingPhotosController.swift */,
				AF5E6A112448721E006D53A7 /* PhotoController.swift */,
			);
			path = "Shoe Details";
			sourceTree = "<group>";
		};
		AF5E6A132449EC46006D53A7 /* Welsome */ = {
			isa = PBXGroup;
			children = (
				AF8140BA2574FA4A005C5C5B /* Source */,
				AF2CB90D24223688007C352F /* LoginViewController.swift */,
				AF2CB91224223912007C352F /* WelcomeViewController.swift */,
				AF2CB90B24223679007C352F /* SignupViewController.swift */,
				AFDB9F9F253F40B200FD15B0 /* OnboardingViewController.swift */,
			);
			path = Welsome;
			sourceTree = "<group>";
		};
		AF7163C124642F9A00415F42 /* LikedPage */ = {
			isa = PBXGroup;
			children = (
				AF7163C224642FB800415F42 /* LikedNavBar.swift */,
				AF5E6A142449ECAD006D53A7 /* LikesController.swift */,
				AF9763DD25627B1B0006BDDF /* FavoritesController.swift */,
				AF2DC08A25384AF200356082 /* FeedController.swift */,
			);
			path = LikedPage;
			sourceTree = "<group>";
		};
		AF8140BA2574FA4A005C5C5B /* Source */ = {
			isa = PBXGroup;
			children = (
				AF8140BB2574FA4A005C5C5B /* PageView */,
				AF8140C12574FA4A005C5C5B /* OnboardingContentView */,
				AF8140C52574FA4A005C5C5B /* PaperOnboardingDelegate.swift */,
				AF8140C62574FA4A005C5C5B /* FillAnimationView */,
				AF8140C82574FA4A005C5C5B /* PaperOnboardingDataSource.swift */,
				AF8140C92574FA4A005C5C5B /* GestureControl */,
				AF8140CB2574FA4A005C5C5B /* PaperOnboarding.swift */,
				AF8140CC2574FA4A005C5C5B /* Helpers */,
			);
			path = Source;
			sourceTree = "<group>";
		};
		AF8140BB2574FA4A005C5C5B /* PageView */ = {
			isa = PBXGroup;
			children = (
				AF8140BC2574FA4A005C5C5B /* PageContainerView */,
				AF8140BE2574FA4A005C5C5B /* Item */,
				AF8140C02574FA4A005C5C5B /* PageView.swift */,
			);
			path = PageView;
			sourceTree = "<group>";
		};
		AF8140BC2574FA4A005C5C5B /* PageContainerView */ = {
			isa = PBXGroup;
			children = (
				AF8140BD2574FA4A005C5C5B /* PageContainer.swift */,
			);
			path = PageContainerView;
			sourceTree = "<group>";
		};
		AF8140BE2574FA4A005C5C5B /* Item */ = {
			isa = PBXGroup;
			children = (
				AF8140BF2574FA4A005C5C5B /* PageViewItem.swift */,
			);
			path = Item;
			sourceTree = "<group>";
		};
		AF8140C12574FA4A005C5C5B /* OnboardingContentView */ = {
			isa = PBXGroup;
			children = (
				AF8140C22574FA4A005C5C5B /* OnboardingContentView.swift */,
				AF8140C32574FA4A005C5C5B /* Item */,
			);
			path = OnboardingContentView;
			sourceTree = "<group>";
		};
		AF8140C32574FA4A005C5C5B /* Item */ = {
			isa = PBXGroup;
			children = (
				AF8140C42574FA4A005C5C5B /* OnboardingContantViewItem.swift */,
			);
			path = Item;
			sourceTree = "<group>";
		};
		AF8140C62574FA4A005C5C5B /* FillAnimationView */ = {
			isa = PBXGroup;
			children = (
				AF8140C72574FA4A005C5C5B /* FillAnimationView.swift */,
			);
			path = FillAnimationView;
			sourceTree = "<group>";
		};
		AF8140C92574FA4A005C5C5B /* GestureControl */ = {
			isa = PBXGroup;
			children = (
				AF8140CA2574FA4A005C5C5B /* GestureControl.swift */,
			);
			path = GestureControl;
			sourceTree = "<group>";
		};
		AF8140CC2574FA4A005C5C5B /* Helpers */ = {
			isa = PBXGroup;
			children = (
				AF8140CD2574FA4A005C5C5B /* ConstraintsHelper.swift */,
				AF8140CE2574FA4A005C5C5B /* Configuring.swift */,
			);
			path = Helpers;
			sourceTree = "<group>";
		};
		AF8140DE2575110E005C5C5B /* Fonts */ = {
			isa = PBXGroup;
			children = (
				AF8140DF2575110E005C5C5B /* Roboto-Medium.ttf */,
				AF8140E02575110E005C5C5B /* Roboto-Light.ttf */,
				AF8140E12575110E005C5C5B /* RobotoCondensed-Bold.ttf */,
				AF8140E22575110E005C5C5B /* RobotoCondensed-Light.ttf */,
				AF8140E32575110E005C5C5B /* Roboto-Regular.ttf */,
				AF8140E42575110E005C5C5B /* Roboto-MediumItalic.ttf */,
				AF8140E52575110E005C5C5B /* RobotoCondensed-Italic.ttf */,
				AF8140E62575110E005C5C5B /* RobotoCondensed-BoldItalic.ttf */,
				AF8140E72575110E005C5C5B /* Apache License.txt */,
				AF8140E82575110E005C5C5B /* RobotoCondensed-LightItalic.ttf */,
				AF8140E92575110E005C5C5B /* Roboto-ThinItalic.ttf */,
				AF8140EA2575110E005C5C5B /* RobotoCondensed-Regular.ttf */,
				AF8140EB2575110E005C5C5B /* Roboto-BoldItalic.ttf */,
				AF8140EC2575110E005C5C5B /* Roboto-LightItalic.ttf */,
				AF8140ED2575110E005C5C5B /* Roboto-Italic.ttf */,
				AF8140EE2575110E005C5C5B /* Roboto-BlackItalic.ttf */,
				AF8140EF2575110E005C5C5B /* Roboto-Bold.ttf */,
				AF8140F02575110E005C5C5B /* Roboto-Thin.ttf */,
				AF8140F12575110E005C5C5B /* Roboto-Black.ttf */,
			);
			path = Fonts;
			sourceTree = "<group>";
		};
		AF855A9924FF878800033162 /* Math */ = {
			isa = PBXGroup;
			children = (
				AF855AAB25000FCD00033162 /* GradientDescent.swift */,
				AF855A9C24FF87B600033162 /* Matrix.swift */,
			);
			path = Math;
			sourceTree = "<group>";
		};
		AFB5A467242A38B900E9BC3A /* Extensions */ = {
			isa = PBXGroup;
			children = (
			);
			path = Extensions;
			sourceTree = "<group>";
		};
		AFB5A46A242A3ED900E9BC3A /* Views */ = {
			isa = PBXGroup;
			children = (
				AF03AC3E249A176C0029CAFE /* FeedbackMessages */,
				AFB5A46B242A3F0400E9BC3A /* SwipeBottomControlsUIStackView.swift */,
				AFF0315F242A56B60092312A /* TopNavigationStackView.swift */,
				AFF03161242A610E0092312A /* CardView.swift */,
				AFF0316B242B8F950092312A /* CustomTextField.swift */,
				AF58B4412441FAE500135387 /* SettingsCell.swift */,
				AF58B4452444843200135387 /* AgeRangeCell.swift */,
				AF55CE8F2445803A00D9A57F /* LogoutTableViewCell.swift */,
				AF9A0C792497766500846FE3 /* FeedBackTableViewCell.swift */,
			);
			path = Views;
			sourceTree = "<group>";
		};
		AFF03163242AA2450092312A /* Model */ = {
			isa = PBXGroup;
			children = (
				AFF03164242AA2680092312A /* User.swift */,
				AFF03169242AB4000092312A /* Advertiser.swift */,
				AF58B443244462C900135387 /* ActualUser.swift */,
				AF5EFE9E244DAF89006642BE /* Shoe.swift */,
				AF8140B32574F822005C5C5B /* Post.swift */,
			);
			path = Model;
			sourceTree = "<group>";
		};
		AFF03166242AAD370092312A /* ViewModels */ = {
			isa = PBXGroup;
			children = (
				AFF03167242AAD4F0092312A /* CardViewModel.swift */,
			);
			path = ViewModels;
			sourceTree = "<group>";
		};
/* End PBXGroup section */

/* Begin PBXNativeTarget section */
		AF3E7155241F97230010DE24 /* KixApp */ = {
			isa = PBXNativeTarget;
			buildConfigurationList = AF3E716A241F97240010DE24 /* Build configuration list for PBXNativeTarget "KixApp" */;
			buildPhases = (
				5B690D33A8025BCB7461B162 /* [CP] Check Pods Manifest.lock */,
				B335A8C8AB92BD23F5CD131D /* [CP] Prepare Artifacts */,
				AF3E7152241F97230010DE24 /* Sources */,
				AF3E7153241F97230010DE24 /* Frameworks */,
				AF3E7154241F97230010DE24 /* Resources */,
				A6F68F5FFCD29120D2784BC4 /* [CP] Embed Pods Frameworks */,
			);
			buildRules = (
			);
			dependencies = (
			);
			name = KixApp;
			productName = ShoeSwiperMenus;
			productReference = AF3E7156241F97230010DE24 /* KixApp.app */;
			productType = "com.apple.product-type.application";
		};
/* End PBXNativeTarget section */

/* Begin PBXProject section */
		AF3E714E241F97230010DE24 /* Project object */ = {
			isa = PBXProject;
			attributes = {
				LastSwiftUpdateCheck = 1130;
				LastUpgradeCheck = 1130;
				ORGANIZATIONNAME = "Antoine Neidecker";
				TargetAttributes = {
					AF3E7155241F97230010DE24 = {
						CreatedOnToolsVersion = 11.3.1;
						LastSwiftMigration = 1150;
					};
				};
			};
			buildConfigurationList = AF3E7151241F97230010DE24 /* Build configuration list for PBXProject "KixApp" */;
			compatibilityVersion = "Xcode 9.3";
			developmentRegion = en;
			hasScannedForEncodings = 0;
			knownRegions = (
				en,
				Base,
			);
			mainGroup = AF3E714D241F97230010DE24;
			packageReferences = (
				AF9A0C7B24979BCE00846FE3 /* XCRemoteSwiftPackageReference "LBTATools" */,
			);
			productRefGroup = AF3E7157241F97230010DE24 /* Products */;
			projectDirPath = "";
			projectRoot = "";
			targets = (
				AF3E7155241F97230010DE24 /* KixApp */,
			);
		};
/* End PBXProject section */

/* Begin PBXResourcesBuildPhase section */
		AF3E7154241F97230010DE24 /* Resources */ = {
			isa = PBXResourcesBuildPhase;
			buildActionMask = 2147483647;
			files = (
				AF8140FE2575110F005C5C5B /* Roboto-BoldItalic.ttf in Resources */,
				AF8140F92575110F005C5C5B /* RobotoCondensed-BoldItalic.ttf in Resources */,
				AF3E7166241F97240010DE24 /* LaunchScreen.storyboard in Resources */,
				AF8140F52575110F005C5C5B /* RobotoCondensed-Light.ttf in Resources */,
				AF8141022575110F005C5C5B /* Roboto-Bold.ttf in Resources */,
				AF8140FA2575110F005C5C5B /* Apache License.txt in Resources */,
				AF8140F62575110F005C5C5B /* Roboto-Regular.ttf in Resources */,
				AF3E7163241F97240010DE24 /* Assets.xcassets in Resources */,
				AF8140F42575110F005C5C5B /* RobotoCondensed-Bold.ttf in Resources */,
				AF8141032575110F005C5C5B /* Roboto-Thin.ttf in Resources */,
				AF8140F82575110F005C5C5B /* RobotoCondensed-Italic.ttf in Resources */,
				AF8141042575110F005C5C5B /* Roboto-Black.ttf in Resources */,
				AF8140F22575110F005C5C5B /* Roboto-Medium.ttf in Resources */,
				AF8141012575110F005C5C5B /* Roboto-BlackItalic.ttf in Resources */,
				AFBBC065242651910099399B /* GoogleService-Info.plist in Resources */,
				AF8140F32575110F005C5C5B /* Roboto-Light.ttf in Resources */,
				AFB5F54F255D82BB00D19872 /* SSVid8.mov in Resources */,
				AF8140FC2575110F005C5C5B /* Roboto-ThinItalic.ttf in Resources */,
				AF8140FB2575110F005C5C5B /* RobotoCondensed-LightItalic.ttf in Resources */,
				AF8140FF2575110F005C5C5B /* Roboto-LightItalic.ttf in Resources */,
				AF8140F72575110F005C5C5B /* Roboto-MediumItalic.ttf in Resources */,
				AF8141002575110F005C5C5B /* Roboto-Italic.ttf in Resources */,
				AF8140FD2575110F005C5C5B /* RobotoCondensed-Regular.ttf in Resources */,
				AF3E7161241F97230010DE24 /* Main.storyboard in Resources */,
			);
			runOnlyForDeploymentPostprocessing = 0;
		};
/* End PBXResourcesBuildPhase section */

/* Begin PBXShellScriptBuildPhase section */
		5B690D33A8025BCB7461B162 /* [CP] Check Pods Manifest.lock */ = {
			isa = PBXShellScriptBuildPhase;
			buildActionMask = 2147483647;
			files = (
			);
			inputFileListPaths = (
			);
			inputPaths = (
				"${PODS_PODFILE_DIR_PATH}/Podfile.lock",
				"${PODS_ROOT}/Manifest.lock",
			);
			name = "[CP] Check Pods Manifest.lock";
			outputFileListPaths = (
			);
			outputPaths = (
				"$(DERIVED_FILE_DIR)/Pods-KixApp-checkManifestLockResult.txt",
			);
			runOnlyForDeploymentPostprocessing = 0;
			shellPath = /bin/sh;
			shellScript = "diff \"${PODS_PODFILE_DIR_PATH}/Podfile.lock\" \"${PODS_ROOT}/Manifest.lock\" > /dev/null\nif [ $? != 0 ] ; then\n    # print error to STDERR\n    echo \"error: The sandbox is not in sync with the Podfile.lock. Run 'pod install' or update your CocoaPods installation.\" >&2\n    exit 1\nfi\n# This output is used by Xcode 'outputs' to avoid re-running this script phase.\necho \"SUCCESS\" > \"${SCRIPT_OUTPUT_FILE_0}\"\n";
			showEnvVarsInLog = 0;
		};
		A6F68F5FFCD29120D2784BC4 /* [CP] Embed Pods Frameworks */ = {
			isa = PBXShellScriptBuildPhase;
			buildActionMask = 2147483647;
			files = (
			);
			inputFileListPaths = (
				"${PODS_ROOT}/Target Support Files/Pods-KixApp/Pods-KixApp-frameworks-${CONFIGURATION}-input-files.xcfilelist",
			);
			name = "[CP] Embed Pods Frameworks";
			outputFileListPaths = (
				"${PODS_ROOT}/Target Support Files/Pods-KixApp/Pods-KixApp-frameworks-${CONFIGURATION}-output-files.xcfilelist",
			);
			runOnlyForDeploymentPostprocessing = 0;
			shellPath = /bin/sh;
			shellScript = "\"${PODS_ROOT}/Target Support Files/Pods-KixApp/Pods-KixApp-frameworks.sh\"\n";
			showEnvVarsInLog = 0;
		};
		B335A8C8AB92BD23F5CD131D /* [CP] Prepare Artifacts */ = {
			isa = PBXShellScriptBuildPhase;
			buildActionMask = 2147483647;
			files = (
			);
			inputFileListPaths = (
				"${PODS_ROOT}/Target Support Files/Pods-KixApp/Pods-KixApp-artifacts-${CONFIGURATION}-input-files.xcfilelist",
			);
			name = "[CP] Prepare Artifacts";
			outputFileListPaths = (
				"${PODS_ROOT}/Target Support Files/Pods-KixApp/Pods-KixApp-artifacts-${CONFIGURATION}-output-files.xcfilelist",
			);
			runOnlyForDeploymentPostprocessing = 0;
			shellPath = /bin/sh;
			shellScript = "\"${PODS_ROOT}/Target Support Files/Pods-KixApp/Pods-KixApp-artifacts.sh\"\n";
			showEnvVarsInLog = 0;
		};
/* End PBXShellScriptBuildPhase section */

/* Begin PBXSourcesBuildPhase section */
		AF3E7152241F97230010DE24 /* Sources */ = {
			isa = PBXSourcesBuildPhase;
			buildActionMask = 2147483647;
			files = (
				AF3E715A241F97230010DE24 /* AppDelegate.swift in Sources */,
				AF2CB90C24223679007C352F /* SignupViewController.swift in Sources */,
				AF55CE93244627AA00D9A57F /* ShoeDetailsViewController.swift in Sources */,
				AF55CE9524472E3F00D9A57F /* SwipingPhotosController.swift in Sources */,
				AF8140D52574FA4A005C5C5B /* FillAnimationView.swift in Sources */,
				AF8140D82574FA4A005C5C5B /* PaperOnboarding.swift in Sources */,
				AF58B4402441DAAC00135387 /* SettingsController.swift in Sources */,
				AF7163C324642FB800415F42 /* LikedNavBar.swift in Sources */,
				AF8140D72574FA4A005C5C5B /* GestureControl.swift in Sources */,
				AF2DC08B25384AF200356082 /* FeedController.swift in Sources */,
				AF8140D02574FA4A005C5C5B /* PageViewItem.swift in Sources */,
				AFB5A46C242A3F0400E9BC3A /* SwipeBottomControlsUIStackView.swift in Sources */,
				AF5E6A122448721E006D53A7 /* PhotoController.swift in Sources */,
				AF8140D32574FA4A005C5C5B /* OnboardingContantViewItem.swift in Sources */,
				AF8140D92574FA4A005C5C5B /* ConstraintsHelper.swift in Sources */,
				AFF0316C242B8F950092312A /* CustomTextField.swift in Sources */,
				AF2CB90E24223688007C352F /* LoginViewController.swift in Sources */,
				AFF03165242AA2680092312A /* User.swift in Sources */,
				AF58B4422441FAE500135387 /* SettingsCell.swift in Sources */,
				AF367F9824E934C2001F5716 /* PanelAnimationController.swift in Sources */,
				AFF0316A242AB4000092312A /* Advertiser.swift in Sources */,
				AF855A9D24FF87B600033162 /* Matrix.swift in Sources */,
				AFF03168242AAD4F0092312A /* CardViewModel.swift in Sources */,
				AF8140B42574F822005C5C5B /* Post.swift in Sources */,
				AF367F9624E934C2001F5716 /* PanelPresentationController.swift in Sources */,
				AF8140D42574FA4A005C5C5B /* PaperOnboardingDelegate.swift in Sources */,
				AF7163C52464391700415F42 /* LikesController.swift in Sources */,
				AF3E715C241F97230010DE24 /* SceneDelegate.swift in Sources */,
				AF367F9524E934C2001F5716 /* PanelInteractionController.swift in Sources */,
				AF58B4462444843200135387 /* AgeRangeCell.swift in Sources */,
				AF9A0C7A2497766500846FE3 /* FeedBackTableViewCell.swift in Sources */,
				AF9763DE25627B1B0006BDDF /* FavoritesController.swift in Sources */,
				AF855AA524FFB44800033162 /* NewSettingsViewController.swift in Sources */,
				AF855AAC25000FCD00033162 /* GradientDescent.swift in Sources */,
				AF8140D62574FA4A005C5C5B /* PaperOnboardingDataSource.swift in Sources */,
				AF8140D22574FA4A005C5C5B /* OnboardingContentView.swift in Sources */,
				AF8140CF2574FA4A005C5C5B /* PageContainer.swift in Sources */,
				AFF03160242A56B60092312A /* TopNavigationStackView.swift in Sources */,
				AF2CB91324223912007C352F /* WelcomeViewController.swift in Sources */,
				AFBBC063242650AD0099399B /* Utilities.swift in Sources */,
				AF6500F82429F84A00C126F8 /* SwiperViewController.swift in Sources */,
				AF55CE902445803A00D9A57F /* LogoutTableViewCell.swift in Sources */,
				AFF03162242A610E0092312A /* CardView.swift in Sources */,
				AF7217082498E4F5008FF4D0 /* ChatLogController.swift in Sources */,
				AFDB9FA0253F40B200FD15B0 /* OnboardingViewController.swift in Sources */,
				AF5EFE9F244DAF89006642BE /* Shoe.swift in Sources */,
				AF58B444244462CA00135387 /* ActualUser.swift in Sources */,
				AF03AC46249A33710029CAFE /* MessagesNavBar.swift in Sources */,
				AF8140D12574FA4A005C5C5B /* PageView.swift in Sources */,
				AF367F9724E934C2001F5716 /* PanelTransitioningDelegate.swift in Sources */,
				AF8140DD257504E1005C5C5B /* CustomViewCell.m in Sources */,
				AFBBC062242650AD0099399B /* Constants.swift in Sources */,
				AF8140DA2574FA4A005C5C5B /* Configuring.swift in Sources */,
			);
			runOnlyForDeploymentPostprocessing = 0;
		};
/* End PBXSourcesBuildPhase section */

/* Begin PBXVariantGroup section */
		AF3E715F241F97230010DE24 /* Main.storyboard */ = {
			isa = PBXVariantGroup;
			children = (
				AF3E7160241F97230010DE24 /* Base */,
			);
			name = Main.storyboard;
			sourceTree = "<group>";
		};
		AF3E7164241F97240010DE24 /* LaunchScreen.storyboard */ = {
			isa = PBXVariantGroup;
			children = (
				AF3E7165241F97240010DE24 /* Base */,
			);
			name = LaunchScreen.storyboard;
			sourceTree = "<group>";
		};
/* End PBXVariantGroup section */

/* Begin XCBuildConfiguration section */
		AF3E7168241F97240010DE24 /* Debug */ = {
			isa = XCBuildConfiguration;
			buildSettings = {
				ALWAYS_SEARCH_USER_PATHS = NO;
				CLANG_ANALYZER_NONNULL = YES;
				CLANG_ANALYZER_NUMBER_OBJECT_CONVERSION = YES_AGGRESSIVE;
				CLANG_CXX_LANGUAGE_STANDARD = "gnu++14";
				CLANG_CXX_LIBRARY = "libc++";
				CLANG_ENABLE_MODULES = YES;
				CLANG_ENABLE_OBJC_ARC = YES;
				CLANG_ENABLE_OBJC_WEAK = YES;
				CLANG_WARN_BLOCK_CAPTURE_AUTORELEASING = YES;
				CLANG_WARN_BOOL_CONVERSION = YES;
				CLANG_WARN_COMMA = YES;
				CLANG_WARN_CONSTANT_CONVERSION = YES;
				CLANG_WARN_DEPRECATED_OBJC_IMPLEMENTATIONS = YES;
				CLANG_WARN_DIRECT_OBJC_ISA_USAGE = YES_ERROR;
				CLANG_WARN_DOCUMENTATION_COMMENTS = YES;
				CLANG_WARN_EMPTY_BODY = YES;
				CLANG_WARN_ENUM_CONVERSION = YES;
				CLANG_WARN_INFINITE_RECURSION = YES;
				CLANG_WARN_INT_CONVERSION = YES;
				CLANG_WARN_NON_LITERAL_NULL_CONVERSION = YES;
				CLANG_WARN_OBJC_IMPLICIT_RETAIN_SELF = YES;
				CLANG_WARN_OBJC_LITERAL_CONVERSION = YES;
				CLANG_WARN_OBJC_ROOT_CLASS = YES_ERROR;
				CLANG_WARN_RANGE_LOOP_ANALYSIS = YES;
				CLANG_WARN_STRICT_PROTOTYPES = YES;
				CLANG_WARN_SUSPICIOUS_MOVE = YES;
				CLANG_WARN_UNGUARDED_AVAILABILITY = YES_AGGRESSIVE;
				CLANG_WARN_UNREACHABLE_CODE = YES;
				CLANG_WARN__DUPLICATE_METHOD_MATCH = YES;
				COPY_PHASE_STRIP = NO;
				DEBUG_INFORMATION_FORMAT = dwarf;
				ENABLE_STRICT_OBJC_MSGSEND = YES;
				ENABLE_TESTABILITY = YES;
				GCC_C_LANGUAGE_STANDARD = gnu11;
				GCC_DYNAMIC_NO_PIC = NO;
				GCC_NO_COMMON_BLOCKS = YES;
				GCC_OPTIMIZATION_LEVEL = 0;
				GCC_PREPROCESSOR_DEFINITIONS = (
					"DEBUG=1",
					"$(inherited)",
				);
				GCC_WARN_64_TO_32_BIT_CONVERSION = YES;
				GCC_WARN_ABOUT_RETURN_TYPE = YES_ERROR;
				GCC_WARN_UNDECLARED_SELECTOR = YES;
				GCC_WARN_UNINITIALIZED_AUTOS = YES_AGGRESSIVE;
				GCC_WARN_UNUSED_FUNCTION = YES;
				GCC_WARN_UNUSED_VARIABLE = YES;
				IPHONEOS_DEPLOYMENT_TARGET = 13.2;
				MTL_ENABLE_DEBUG_INFO = INCLUDE_SOURCE;
				MTL_FAST_MATH = YES;
				ONLY_ACTIVE_ARCH = YES;
				SDKROOT = iphoneos;
				SWIFT_ACTIVE_COMPILATION_CONDITIONS = DEBUG;
				SWIFT_OPTIMIZATION_LEVEL = "-Onone";
			};
			name = Debug;
		};
		AF3E7169241F97240010DE24 /* Release */ = {
			isa = XCBuildConfiguration;
			buildSettings = {
				ALWAYS_SEARCH_USER_PATHS = NO;
				CLANG_ANALYZER_NONNULL = YES;
				CLANG_ANALYZER_NUMBER_OBJECT_CONVERSION = YES_AGGRESSIVE;
				CLANG_CXX_LANGUAGE_STANDARD = "gnu++14";
				CLANG_CXX_LIBRARY = "libc++";
				CLANG_ENABLE_MODULES = YES;
				CLANG_ENABLE_OBJC_ARC = YES;
				CLANG_ENABLE_OBJC_WEAK = YES;
				CLANG_WARN_BLOCK_CAPTURE_AUTORELEASING = YES;
				CLANG_WARN_BOOL_CONVERSION = YES;
				CLANG_WARN_COMMA = YES;
				CLANG_WARN_CONSTANT_CONVERSION = YES;
				CLANG_WARN_DEPRECATED_OBJC_IMPLEMENTATIONS = YES;
				CLANG_WARN_DIRECT_OBJC_ISA_USAGE = YES_ERROR;
				CLANG_WARN_DOCUMENTATION_COMMENTS = YES;
				CLANG_WARN_EMPTY_BODY = YES;
				CLANG_WARN_ENUM_CONVERSION = YES;
				CLANG_WARN_INFINITE_RECURSION = YES;
				CLANG_WARN_INT_CONVERSION = YES;
				CLANG_WARN_NON_LITERAL_NULL_CONVERSION = YES;
				CLANG_WARN_OBJC_IMPLICIT_RETAIN_SELF = YES;
				CLANG_WARN_OBJC_LITERAL_CONVERSION = YES;
				CLANG_WARN_OBJC_ROOT_CLASS = YES_ERROR;
				CLANG_WARN_RANGE_LOOP_ANALYSIS = YES;
				CLANG_WARN_STRICT_PROTOTYPES = YES;
				CLANG_WARN_SUSPICIOUS_MOVE = YES;
				CLANG_WARN_UNGUARDED_AVAILABILITY = YES_AGGRESSIVE;
				CLANG_WARN_UNREACHABLE_CODE = YES;
				CLANG_WARN__DUPLICATE_METHOD_MATCH = YES;
				COPY_PHASE_STRIP = NO;
				DEBUG_INFORMATION_FORMAT = "dwarf-with-dsym";
				ENABLE_NS_ASSERTIONS = NO;
				ENABLE_STRICT_OBJC_MSGSEND = YES;
				GCC_C_LANGUAGE_STANDARD = gnu11;
				GCC_NO_COMMON_BLOCKS = YES;
				GCC_WARN_64_TO_32_BIT_CONVERSION = YES;
				GCC_WARN_ABOUT_RETURN_TYPE = YES_ERROR;
				GCC_WARN_UNDECLARED_SELECTOR = YES;
				GCC_WARN_UNINITIALIZED_AUTOS = YES_AGGRESSIVE;
				GCC_WARN_UNUSED_FUNCTION = YES;
				GCC_WARN_UNUSED_VARIABLE = YES;
				IPHONEOS_DEPLOYMENT_TARGET = 13.2;
				MTL_ENABLE_DEBUG_INFO = NO;
				MTL_FAST_MATH = YES;
				SDKROOT = iphoneos;
				SWIFT_COMPILATION_MODE = wholemodule;
				SWIFT_OPTIMIZATION_LEVEL = "-O";
				VALIDATE_PRODUCT = YES;
			};
			name = Release;
		};
		AF3E716B241F97240010DE24 /* Debug */ = {
			isa = XCBuildConfiguration;
			baseConfigurationReference = 954CEAF7294F8CD22A326425 /* Pods-KixApp.debug.xcconfig */;
			buildSettings = {
				ASSETCATALOG_COMPILER_APPICON_NAME = AppIcon;
				CLANG_ENABLE_MODULES = YES;
				CODE_SIGN_IDENTITY = "iPhone Distribution";
				CODE_SIGN_STYLE = Manual;
				CURRENT_PROJECT_VERSION = 1;
				DEVELOPMENT_TEAM = PMA2LFUJAN;
				GCC_NO_COMMON_BLOCKS = NO;
				INFOPLIST_FILE = KixApp/Info.plist;
				LD_RUNPATH_SEARCH_PATHS = (
					"$(inherited)",
					"@executable_path/Frameworks",
				);
				MARKETING_VERSION = 1.04;
				PRODUCT_BUNDLE_IDENTIFIER = com.antoineneidecker.KixApp;
				PRODUCT_NAME = "$(TARGET_NAME)";
				PROVISIONING_PROFILE_SPECIFIER = kixProvProf;
				SWIFT_OPTIMIZATION_LEVEL = "-Onone";
				SWIFT_VERSION = 5.0;
				TARGETED_DEVICE_FAMILY = 1;
			};
			name = Debug;
		};
		AF3E716C241F97240010DE24 /* Release */ = {
			isa = XCBuildConfiguration;
			baseConfigurationReference = 998EDF648D4ECDBCF361D8DA /* Pods-KixApp.release.xcconfig */;
			buildSettings = {
				ASSETCATALOG_COMPILER_APPICON_NAME = AppIcon;
				CLANG_ENABLE_MODULES = YES;
				CODE_SIGN_IDENTITY = "iPhone Distribution";
				CODE_SIGN_STYLE = Manual;
				CURRENT_PROJECT_VERSION = 1;
				DEVELOPMENT_TEAM = PMA2LFUJAN;
				GCC_NO_COMMON_BLOCKS = NO;
				INFOPLIST_FILE = KixApp/Info.plist;
				LD_RUNPATH_SEARCH_PATHS = (
					"$(inherited)",
					"@executable_path/Frameworks",
				);
				MARKETING_VERSION = 1.04;
				PRODUCT_BUNDLE_IDENTIFIER = com.antoineneidecker.KixApp;
				PRODUCT_NAME = "$(TARGET_NAME)";
				PROVISIONING_PROFILE_SPECIFIER = kixProvProf;
				SWIFT_VERSION = 5.0;
				TARGETED_DEVICE_FAMILY = 1;
			};
			name = Release;
		};
/* End XCBuildConfiguration section */

/* Begin XCConfigurationList section */
		AF3E7151241F97230010DE24 /* Build configuration list for PBXProject "KixApp" */ = {
			isa = XCConfigurationList;
			buildConfigurations = (
				AF3E7168241F97240010DE24 /* Debug */,
				AF3E7169241F97240010DE24 /* Release */,
			);
			defaultConfigurationIsVisible = 0;
			defaultConfigurationName = Release;
		};
		AF3E716A241F97240010DE24 /* Build configuration list for PBXNativeTarget "KixApp" */ = {
			isa = XCConfigurationList;
			buildConfigurations = (
				AF3E716B241F97240010DE24 /* Debug */,
				AF3E716C241F97240010DE24 /* Release */,
			);
			defaultConfigurationIsVisible = 0;
			defaultConfigurationName = Release;
		};
/* End XCConfigurationList section */

/* Begin XCRemoteSwiftPackageReference section */
		AF9A0C7B24979BCE00846FE3 /* XCRemoteSwiftPackageReference "LBTATools" */ = {
			isa = XCRemoteSwiftPackageReference;
			repositoryURL = "https://github.com/bhlvoong/LBTATools.git";
			requirement = {
				kind = upToNextMajorVersion;
				minimumVersion = 1.0.17;
			};
		};
/* End XCRemoteSwiftPackageReference section */
	};
	rootObject = AF3E714E241F97230010DE24 /* Project object */;
}
