// !$*UTF8*$!
{
	archiveVersion = 1;
	classes = {
	};
	objectVersion = 52;
	objects = {

/* Begin PBXBuildFile section */
		403BB61E20C054C4E2A364DB /* Pods_KixApp.framework in Frameworks */ = {isa = PBXBuildFile; fileRef = 6127CFD30C6B38D9B2A275CB /* Pods_KixApp.framework */; };
		AF03AC46249A33710029CAFE /* MessagesNavBar.swift in Sources */ = {isa = PBXBuildFile; fileRef = AF03AC45249A33710029CAFE /* MessagesNavBar.swift */; };
		AF2CB90C24223679007C352F /* SignupViewController.swift in Sources */ = {isa = PBXBuildFile; fileRef = AF2CB90B24223679007C352F /* SignupViewController.swift */; };
		AF2CB90E24223688007C352F /* LoginViewController.swift in Sources */ = {isa = PBXBuildFile; fileRef = AF2CB90D24223688007C352F /* LoginViewController.swift */; };
		AF2CB91324223912007C352F /* WelcomeViewController.swift in Sources */ = {isa = PBXBuildFile; fileRef = AF2CB91224223912007C352F /* WelcomeViewController.swift */; };
		AF2DC08B25384AF200356082 /* FeedController.swift in Sources */ = {isa = PBXBuildFile; fileRef = AF2DC08A25384AF200356082 /* FeedController.swift */; };
		AF2DC08D25387E5F00356082 /* Post.swift in Sources */ = {isa = PBXBuildFile; fileRef = AF2DC08C25387E5F00356082 /* Post.swift */; };
		AF367F9524E934C2001F5716 /* PanelInteractionController.swift in Sources */ = {isa = PBXBuildFile; fileRef = AF367F9024E9337A001F5716 /* PanelInteractionController.swift */; };
		AF367F9624E934C2001F5716 /* PanelPresentationController.swift in Sources */ = {isa = PBXBuildFile; fileRef = AF367F8F24E9337A001F5716 /* PanelPresentationController.swift */; };
		AF367F9724E934C2001F5716 /* PanelTransitioningDelegate.swift in Sources */ = {isa = PBXBuildFile; fileRef = AF367F8E24E9337A001F5716 /* PanelTransitioningDelegate.swift */; };
		AF367F9824E934C2001F5716 /* PanelAnimationController.swift in Sources */ = {isa = PBXBuildFile; fileRef = AF367F9124E9337B001F5716 /* PanelAnimationController.swift */; };
		AF39D6F624DB13F20031BE5B /* RobotoCondensed-Light.ttf in Resources */ = {isa = PBXBuildFile; fileRef = AF39D6E324DB13F10031BE5B /* RobotoCondensed-Light.ttf */; };
		AF39D6F724DB13F20031BE5B /* Apache License.txt in Resources */ = {isa = PBXBuildFile; fileRef = AF39D6E424DB13F10031BE5B /* Apache License.txt */; };
		AF39D6F824DB13F20031BE5B /* Roboto-Italic.ttf in Resources */ = {isa = PBXBuildFile; fileRef = AF39D6E524DB13F10031BE5B /* Roboto-Italic.ttf */; };
		AF39D6F924DB13F20031BE5B /* Roboto-Light.ttf in Resources */ = {isa = PBXBuildFile; fileRef = AF39D6E624DB13F10031BE5B /* Roboto-Light.ttf */; };
		AF39D6FA24DB13F20031BE5B /* Roboto-ThinItalic.ttf in Resources */ = {isa = PBXBuildFile; fileRef = AF39D6E724DB13F10031BE5B /* Roboto-ThinItalic.ttf */; };
		AF39D6FB24DB13F20031BE5B /* Roboto-LightItalic.ttf in Resources */ = {isa = PBXBuildFile; fileRef = AF39D6E824DB13F10031BE5B /* Roboto-LightItalic.ttf */; };
		AF39D6FC24DB13F20031BE5B /* RobotoCondensed-Regular.ttf in Resources */ = {isa = PBXBuildFile; fileRef = AF39D6E924DB13F10031BE5B /* RobotoCondensed-Regular.ttf */; };
		AF39D6FD24DB13F20031BE5B /* Roboto-Medium.ttf in Resources */ = {isa = PBXBuildFile; fileRef = AF39D6EA24DB13F10031BE5B /* Roboto-Medium.ttf */; };
		AF39D6FE24DB13F20031BE5B /* RobotoCondensed-BoldItalic.ttf in Resources */ = {isa = PBXBuildFile; fileRef = AF39D6EB24DB13F20031BE5B /* RobotoCondensed-BoldItalic.ttf */; };
		AF39D6FF24DB13F20031BE5B /* RobotoCondensed-Bold.ttf in Resources */ = {isa = PBXBuildFile; fileRef = AF39D6EC24DB13F20031BE5B /* RobotoCondensed-Bold.ttf */; };
		AF39D70024DB13F20031BE5B /* Roboto-Bold.ttf in Resources */ = {isa = PBXBuildFile; fileRef = AF39D6ED24DB13F20031BE5B /* Roboto-Bold.ttf */; };
		AF39D70124DB13F20031BE5B /* Roboto-Black.ttf in Resources */ = {isa = PBXBuildFile; fileRef = AF39D6EE24DB13F20031BE5B /* Roboto-Black.ttf */; };
		AF39D70224DB13F20031BE5B /* Roboto-MediumItalic.ttf in Resources */ = {isa = PBXBuildFile; fileRef = AF39D6EF24DB13F20031BE5B /* Roboto-MediumItalic.ttf */; };
		AF39D70324DB13F20031BE5B /* Roboto-Thin.ttf in Resources */ = {isa = PBXBuildFile; fileRef = AF39D6F024DB13F20031BE5B /* Roboto-Thin.ttf */; };
		AF39D70424DB13F20031BE5B /* Roboto-BlackItalic.ttf in Resources */ = {isa = PBXBuildFile; fileRef = AF39D6F124DB13F20031BE5B /* Roboto-BlackItalic.ttf */; };
		AF39D70524DB13F20031BE5B /* RobotoCondensed-LightItalic.ttf in Resources */ = {isa = PBXBuildFile; fileRef = AF39D6F224DB13F20031BE5B /* RobotoCondensed-LightItalic.ttf */; };
		AF39D70624DB13F20031BE5B /* RobotoCondensed-Italic.ttf in Resources */ = {isa = PBXBuildFile; fileRef = AF39D6F324DB13F20031BE5B /* RobotoCondensed-Italic.ttf */; };
		AF39D70724DB13F20031BE5B /* Roboto-BoldItalic.ttf in Resources */ = {isa = PBXBuildFile; fileRef = AF39D6F424DB13F20031BE5B /* Roboto-BoldItalic.ttf */; };
		AF39D70824DB13F20031BE5B /* Roboto-Regular.ttf in Resources */ = {isa = PBXBuildFile; fileRef = AF39D6F524DB13F20031BE5B /* Roboto-Regular.ttf */; };
		AF3E715A241F97230010DE24 /* AppDelegate.swift in Sources */ = {isa = PBXBuildFile; fileRef = AF3E7159241F97230010DE24 /* AppDelegate.swift */; };
		AF3E715C241F97230010DE24 /* SceneDelegate.swift in Sources */ = {isa = PBXBuildFile; fileRef = AF3E715B241F97230010DE24 /* SceneDelegate.swift */; };
		AF3E7161241F97230010DE24 /* Main.storyboard in Resources */ = {isa = PBXBuildFile; fileRef = AF3E715F241F97230010DE24 /* Main.storyboard */; };
		AF3E7163241F97240010DE24 /* Assets.xcassets in Resources */ = {isa = PBXBuildFile; fileRef = AF3E7162241F97240010DE24 /* Assets.xcassets */; };
		AF3E7166241F97240010DE24 /* LaunchScreen.storyboard in Resources */ = {isa = PBXBuildFile; fileRef = AF3E7164241F97240010DE24 /* LaunchScreen.storyboard */; };
		AF55CE902445803A00D9A57F /* LogoutTableViewCell.swift in Sources */ = {isa = PBXBuildFile; fileRef = AF55CE8F2445803A00D9A57F /* LogoutTableViewCell.swift */; };
		AF55CE93244627AA00D9A57F /* ShoeDetailsViewController.swift in Sources */ = {isa = PBXBuildFile; fileRef = AF55CE92244627AA00D9A57F /* ShoeDetailsViewController.swift */; };
		AF55CE9524472E3F00D9A57F /* SwipingPhotosController.swift in Sources */ = {isa = PBXBuildFile; fileRef = AF55CE9424472E3F00D9A57F /* SwipingPhotosController.swift */; };
		AF58B4402441DAAC00135387 /* SettingsController.swift in Sources */ = {isa = PBXBuildFile; fileRef = AF58B43F2441DAAC00135387 /* SettingsController.swift */; };
		AF58B4422441FAE500135387 /* SettingsCell.swift in Sources */ = {isa = PBXBuildFile; fileRef = AF58B4412441FAE500135387 /* SettingsCell.swift */; };
		AF58B444244462CA00135387 /* ActualUser.swift in Sources */ = {isa = PBXBuildFile; fileRef = AF58B443244462C900135387 /* ActualUser.swift */; };
		AF58B4462444843200135387 /* AgeRangeCell.swift in Sources */ = {isa = PBXBuildFile; fileRef = AF58B4452444843200135387 /* AgeRangeCell.swift */; };
		AF5E6A122448721E006D53A7 /* PhotoController.swift in Sources */ = {isa = PBXBuildFile; fileRef = AF5E6A112448721E006D53A7 /* PhotoController.swift */; };
		AF5EFE9F244DAF89006642BE /* Shoe.swift in Sources */ = {isa = PBXBuildFile; fileRef = AF5EFE9E244DAF89006642BE /* Shoe.swift */; };
		AF6500F82429F84A00C126F8 /* SwiperViewController.swift in Sources */ = {isa = PBXBuildFile; fileRef = AF6500F72429F84A00C126F8 /* SwiperViewController.swift */; };
		AF7163C324642FB800415F42 /* LikedNavBar.swift in Sources */ = {isa = PBXBuildFile; fileRef = AF7163C224642FB800415F42 /* LikedNavBar.swift */; };
		AF7163C52464391700415F42 /* LikesController.swift in Sources */ = {isa = PBXBuildFile; fileRef = AF5E6A142449ECAD006D53A7 /* LikesController.swift */; };
		AF7217082498E4F5008FF4D0 /* ChatLogController.swift in Sources */ = {isa = PBXBuildFile; fileRef = AF7217072498E4F5008FF4D0 /* ChatLogController.swift */; };
		AF855A9D24FF87B600033162 /* Matrix.swift in Sources */ = {isa = PBXBuildFile; fileRef = AF855A9C24FF87B600033162 /* Matrix.swift */; };
		AF855AA124FF899E00033162 /* Settings.bundle in Resources */ = {isa = PBXBuildFile; fileRef = AF855AA024FF899E00033162 /* Settings.bundle */; };
		AF855AA524FFB44800033162 /* NewSettingsViewController.swift in Sources */ = {isa = PBXBuildFile; fileRef = AF855AA424FFB44800033162 /* NewSettingsViewController.swift */; };
		AF855AAA24FFBC8900033162 /* CustomViewCell.m in Sources */ = {isa = PBXBuildFile; fileRef = AF855AA824FFBC8900033162 /* CustomViewCell.m */; };
		AF855AAC25000FCD00033162 /* GradientDescent.swift in Sources */ = {isa = PBXBuildFile; fileRef = AF855AAB25000FCD00033162 /* GradientDescent.swift */; };
		AF855ACE2500EF8100033162 /* PageContainer.swift in Sources */ = {isa = PBXBuildFile; fileRef = AF855ABC2500EF8100033162 /* PageContainer.swift */; };
		AF855ACF2500EF8100033162 /* PageViewItem.swift in Sources */ = {isa = PBXBuildFile; fileRef = AF855ABE2500EF8100033162 /* PageViewItem.swift */; };
		AF855AD02500EF8100033162 /* PageView.swift in Sources */ = {isa = PBXBuildFile; fileRef = AF855ABF2500EF8100033162 /* PageView.swift */; };
		AF855AD12500EF8100033162 /* OnboardingContentView.swift in Sources */ = {isa = PBXBuildFile; fileRef = AF855AC12500EF8100033162 /* OnboardingContentView.swift */; };
		AF855AD22500EF8100033162 /* OnboardingContantViewItem.swift in Sources */ = {isa = PBXBuildFile; fileRef = AF855AC32500EF8100033162 /* OnboardingContantViewItem.swift */; };
		AF855AD32500EF8100033162 /* PaperOnboardingDelegate.swift in Sources */ = {isa = PBXBuildFile; fileRef = AF855AC42500EF8100033162 /* PaperOnboardingDelegate.swift */; };
		AF855AD42500EF8100033162 /* FillAnimationView.swift in Sources */ = {isa = PBXBuildFile; fileRef = AF855AC62500EF8100033162 /* FillAnimationView.swift */; };
		AF855AD52500EF8100033162 /* PaperOnboardingDataSource.swift in Sources */ = {isa = PBXBuildFile; fileRef = AF855AC72500EF8100033162 /* PaperOnboardingDataSource.swift */; };
		AF855AD62500EF8100033162 /* GestureControl.swift in Sources */ = {isa = PBXBuildFile; fileRef = AF855AC92500EF8100033162 /* GestureControl.swift */; };
		AF855AD72500EF8100033162 /* PaperOnboarding.swift in Sources */ = {isa = PBXBuildFile; fileRef = AF855ACA2500EF8100033162 /* PaperOnboarding.swift */; };
		AF855AD82500EF8100033162 /* ConstraintsHelper.swift in Sources */ = {isa = PBXBuildFile; fileRef = AF855ACC2500EF8100033162 /* ConstraintsHelper.swift */; };
		AF855AD92500EF8100033162 /* Configuring.swift in Sources */ = {isa = PBXBuildFile; fileRef = AF855ACD2500EF8100033162 /* Configuring.swift */; };
		AF9A0C7A2497766500846FE3 /* FeedBackTableViewCell.swift in Sources */ = {isa = PBXBuildFile; fileRef = AF9A0C792497766500846FE3 /* FeedBackTableViewCell.swift */; };
		AFB5A46C242A3F0400E9BC3A /* SwipeBottomControlsUIStackView.swift in Sources */ = {isa = PBXBuildFile; fileRef = AFB5A46B242A3F0400E9BC3A /* SwipeBottomControlsUIStackView.swift */; };
		AFBBC062242650AD0099399B /* Constants.swift in Sources */ = {isa = PBXBuildFile; fileRef = AFBBC060242650AD0099399B /* Constants.swift */; };
		AFBBC063242650AD0099399B /* Utilities.swift in Sources */ = {isa = PBXBuildFile; fileRef = AFBBC061242650AD0099399B /* Utilities.swift */; };
		AFBBC065242651910099399B /* GoogleService-Info.plist in Resources */ = {isa = PBXBuildFile; fileRef = AFBBC064242651910099399B /* GoogleService-Info.plist */; };
		AFDB9FA0253F40B200FD15B0 /* OnboardingViewController.swift in Sources */ = {isa = PBXBuildFile; fileRef = AFDB9F9F253F40B200FD15B0 /* OnboardingViewController.swift */; };
		AFF03160242A56B60092312A /* TopNavigationStackView.swift in Sources */ = {isa = PBXBuildFile; fileRef = AFF0315F242A56B60092312A /* TopNavigationStackView.swift */; };
		AFF03162242A610E0092312A /* CardView.swift in Sources */ = {isa = PBXBuildFile; fileRef = AFF03161242A610E0092312A /* CardView.swift */; };
		AFF03165242AA2680092312A /* User.swift in Sources */ = {isa = PBXBuildFile; fileRef = AFF03164242AA2680092312A /* User.swift */; };
		AFF03168242AAD4F0092312A /* CardViewModel.swift in Sources */ = {isa = PBXBuildFile; fileRef = AFF03167242AAD4F0092312A /* CardViewModel.swift */; };
		AFF0316A242AB4000092312A /* Advertiser.swift in Sources */ = {isa = PBXBuildFile; fileRef = AFF03169242AB4000092312A /* Advertiser.swift */; };
		AFF0316C242B8F950092312A /* CustomTextField.swift in Sources */ = {isa = PBXBuildFile; fileRef = AFF0316B242B8F950092312A /* CustomTextField.swift */; };
/* End PBXBuildFile section */

/* Begin PBXFileReference section */
		1FF404762C9210A70375D74D /* Pods-KixApp.release.xcconfig */ = {isa = PBXFileReference; includeInIndex = 1; lastKnownFileType = text.xcconfig; name = "Pods-KixApp.release.xcconfig"; path = "Target Support Files/Pods-KixApp/Pods-KixApp.release.xcconfig"; sourceTree = "<group>"; };
		6127CFD30C6B38D9B2A275CB /* Pods_KixApp.framework */ = {isa = PBXFileReference; explicitFileType = wrapper.framework; includeInIndex = 0; path = Pods_KixApp.framework; sourceTree = BUILT_PRODUCTS_DIR; };
		627D838D2A5837F6C58FA885 /* Pods-KixApp.debug.xcconfig */ = {isa = PBXFileReference; includeInIndex = 1; lastKnownFileType = text.xcconfig; name = "Pods-KixApp.debug.xcconfig"; path = "Target Support Files/Pods-KixApp/Pods-KixApp.debug.xcconfig"; sourceTree = "<group>"; };
		AF03AC45249A33710029CAFE /* MessagesNavBar.swift */ = {isa = PBXFileReference; lastKnownFileType = sourcecode.swift; path = MessagesNavBar.swift; sourceTree = "<group>"; };
		AF2CB90B24223679007C352F /* SignupViewController.swift */ = {isa = PBXFileReference; lastKnownFileType = sourcecode.swift; path = SignupViewController.swift; sourceTree = "<group>"; };
		AF2CB90D24223688007C352F /* LoginViewController.swift */ = {isa = PBXFileReference; lastKnownFileType = sourcecode.swift; path = LoginViewController.swift; sourceTree = "<group>"; };
		AF2CB91224223912007C352F /* WelcomeViewController.swift */ = {isa = PBXFileReference; lastKnownFileType = sourcecode.swift; path = WelcomeViewController.swift; sourceTree = "<group>"; };
		AF2CB92824239E7E007C352F /* SSVid8.mov */ = {isa = PBXFileReference; lastKnownFileType = video.quicktime; name = SSVid8.mov; path = ShoeSwiperMenus/SSVid8.mov; sourceTree = SOURCE_ROOT; };
		AF2DC08A25384AF200356082 /* FeedController.swift */ = {isa = PBXFileReference; lastKnownFileType = sourcecode.swift; path = FeedController.swift; sourceTree = "<group>"; };
		AF2DC08C25387E5F00356082 /* Post.swift */ = {isa = PBXFileReference; fileEncoding = 4; lastKnownFileType = sourcecode.swift; name = Post.swift; path = ../../../../../Downloads/InstagramFirebase21_post_username_caption/InstagramFirebase/InstagramFirebase/Post.swift; sourceTree = "<group>"; };
		AF367F8E24E9337A001F5716 /* PanelTransitioningDelegate.swift */ = {isa = PBXFileReference; lastKnownFileType = sourcecode.swift; path = PanelTransitioningDelegate.swift; sourceTree = "<group>"; };
		AF367F8F24E9337A001F5716 /* PanelPresentationController.swift */ = {isa = PBXFileReference; lastKnownFileType = sourcecode.swift; path = PanelPresentationController.swift; sourceTree = "<group>"; };
		AF367F9024E9337A001F5716 /* PanelInteractionController.swift */ = {isa = PBXFileReference; lastKnownFileType = sourcecode.swift; path = PanelInteractionController.swift; sourceTree = "<group>"; };
		AF367F9124E9337B001F5716 /* PanelAnimationController.swift */ = {isa = PBXFileReference; lastKnownFileType = sourcecode.swift; path = PanelAnimationController.swift; sourceTree = "<group>"; };
		AF39D6E324DB13F10031BE5B /* RobotoCondensed-Light.ttf */ = {isa = PBXFileReference; lastKnownFileType = file; name = "RobotoCondensed-Light.ttf"; path = "../../../../Downloads/roboto/RobotoCondensed-Light.ttf"; sourceTree = "<group>"; };
		AF39D6E424DB13F10031BE5B /* Apache License.txt */ = {isa = PBXFileReference; fileEncoding = 4; lastKnownFileType = text; name = "Apache License.txt"; path = "../../../../Downloads/roboto/Apache License.txt"; sourceTree = "<group>"; };
		AF39D6E524DB13F10031BE5B /* Roboto-Italic.ttf */ = {isa = PBXFileReference; lastKnownFileType = file; name = "Roboto-Italic.ttf"; path = "../../../../Downloads/roboto/Roboto-Italic.ttf"; sourceTree = "<group>"; };
		AF39D6E624DB13F10031BE5B /* Roboto-Light.ttf */ = {isa = PBXFileReference; lastKnownFileType = file; name = "Roboto-Light.ttf"; path = "../../../../Downloads/roboto/Roboto-Light.ttf"; sourceTree = "<group>"; };
		AF39D6E724DB13F10031BE5B /* Roboto-ThinItalic.ttf */ = {isa = PBXFileReference; lastKnownFileType = file; name = "Roboto-ThinItalic.ttf"; path = "../../../../Downloads/roboto/Roboto-ThinItalic.ttf"; sourceTree = "<group>"; };
		AF39D6E824DB13F10031BE5B /* Roboto-LightItalic.ttf */ = {isa = PBXFileReference; lastKnownFileType = file; name = "Roboto-LightItalic.ttf"; path = "../../../../Downloads/roboto/Roboto-LightItalic.ttf"; sourceTree = "<group>"; };
		AF39D6E924DB13F10031BE5B /* RobotoCondensed-Regular.ttf */ = {isa = PBXFileReference; lastKnownFileType = file; name = "RobotoCondensed-Regular.ttf"; path = "../../../../Downloads/roboto/RobotoCondensed-Regular.ttf"; sourceTree = "<group>"; };
		AF39D6EA24DB13F10031BE5B /* Roboto-Medium.ttf */ = {isa = PBXFileReference; lastKnownFileType = file; name = "Roboto-Medium.ttf"; path = "../../../../Downloads/roboto/Roboto-Medium.ttf"; sourceTree = "<group>"; };
		AF39D6EB24DB13F20031BE5B /* RobotoCondensed-BoldItalic.ttf */ = {isa = PBXFileReference; lastKnownFileType = file; name = "RobotoCondensed-BoldItalic.ttf"; path = "../../../../Downloads/roboto/RobotoCondensed-BoldItalic.ttf"; sourceTree = "<group>"; };
		AF39D6EC24DB13F20031BE5B /* RobotoCondensed-Bold.ttf */ = {isa = PBXFileReference; lastKnownFileType = file; name = "RobotoCondensed-Bold.ttf"; path = "../../../../Downloads/roboto/RobotoCondensed-Bold.ttf"; sourceTree = "<group>"; };
		AF39D6ED24DB13F20031BE5B /* Roboto-Bold.ttf */ = {isa = PBXFileReference; lastKnownFileType = file; name = "Roboto-Bold.ttf"; path = "../../../../Downloads/roboto/Roboto-Bold.ttf"; sourceTree = "<group>"; };
		AF39D6EE24DB13F20031BE5B /* Roboto-Black.ttf */ = {isa = PBXFileReference; lastKnownFileType = file; name = "Roboto-Black.ttf"; path = "../../../../Downloads/roboto/Roboto-Black.ttf"; sourceTree = "<group>"; };
		AF39D6EF24DB13F20031BE5B /* Roboto-MediumItalic.ttf */ = {isa = PBXFileReference; lastKnownFileType = file; name = "Roboto-MediumItalic.ttf"; path = "../../../../Downloads/roboto/Roboto-MediumItalic.ttf"; sourceTree = "<group>"; };
		AF39D6F024DB13F20031BE5B /* Roboto-Thin.ttf */ = {isa = PBXFileReference; lastKnownFileType = file; name = "Roboto-Thin.ttf"; path = "../../../../Downloads/roboto/Roboto-Thin.ttf"; sourceTree = "<group>"; };
		AF39D6F124DB13F20031BE5B /* Roboto-BlackItalic.ttf */ = {isa = PBXFileReference; lastKnownFileType = file; name = "Roboto-BlackItalic.ttf"; path = "../../../../Downloads/roboto/Roboto-BlackItalic.ttf"; sourceTree = "<group>"; };
		AF39D6F224DB13F20031BE5B /* RobotoCondensed-LightItalic.ttf */ = {isa = PBXFileReference; lastKnownFileType = file; name = "RobotoCondensed-LightItalic.ttf"; path = "../../../../Downloads/roboto/RobotoCondensed-LightItalic.ttf"; sourceTree = "<group>"; };
		AF39D6F324DB13F20031BE5B /* RobotoCondensed-Italic.ttf */ = {isa = PBXFileReference; lastKnownFileType = file; name = "RobotoCondensed-Italic.ttf"; path = "../../../../Downloads/roboto/RobotoCondensed-Italic.ttf"; sourceTree = "<group>"; };
		AF39D6F424DB13F20031BE5B /* Roboto-BoldItalic.ttf */ = {isa = PBXFileReference; lastKnownFileType = file; name = "Roboto-BoldItalic.ttf"; path = "../../../../Downloads/roboto/Roboto-BoldItalic.ttf"; sourceTree = "<group>"; };
		AF39D6F524DB13F20031BE5B /* Roboto-Regular.ttf */ = {isa = PBXFileReference; lastKnownFileType = file; name = "Roboto-Regular.ttf"; path = "../../../../Downloads/roboto/Roboto-Regular.ttf"; sourceTree = "<group>"; };
		AF3E7156241F97230010DE24 /* KixApp.app */ = {isa = PBXFileReference; explicitFileType = wrapper.application; includeInIndex = 0; path = KixApp.app; sourceTree = BUILT_PRODUCTS_DIR; };
		AF3E7159241F97230010DE24 /* AppDelegate.swift */ = {isa = PBXFileReference; lastKnownFileType = sourcecode.swift; path = AppDelegate.swift; sourceTree = "<group>"; };
		AF3E715B241F97230010DE24 /* SceneDelegate.swift */ = {isa = PBXFileReference; lastKnownFileType = sourcecode.swift; path = SceneDelegate.swift; sourceTree = "<group>"; };
		AF3E7160241F97230010DE24 /* Base */ = {isa = PBXFileReference; lastKnownFileType = file.storyboard; name = Base; path = Base.lproj/Main.storyboard; sourceTree = "<group>"; };
		AF3E7162241F97240010DE24 /* Assets.xcassets */ = {isa = PBXFileReference; lastKnownFileType = folder.assetcatalog; path = Assets.xcassets; sourceTree = "<group>"; };
		AF3E7165241F97240010DE24 /* Base */ = {isa = PBXFileReference; lastKnownFileType = file.storyboard; name = Base; path = Base.lproj/LaunchScreen.storyboard; sourceTree = "<group>"; };
		AF3E7167241F97240010DE24 /* Info.plist */ = {isa = PBXFileReference; lastKnownFileType = text.plist.xml; path = Info.plist; sourceTree = "<group>"; };
		AF55CE8F2445803A00D9A57F /* LogoutTableViewCell.swift */ = {isa = PBXFileReference; lastKnownFileType = sourcecode.swift; path = LogoutTableViewCell.swift; sourceTree = "<group>"; };
		AF55CE92244627AA00D9A57F /* ShoeDetailsViewController.swift */ = {isa = PBXFileReference; lastKnownFileType = sourcecode.swift; path = ShoeDetailsViewController.swift; sourceTree = "<group>"; };
		AF55CE9424472E3F00D9A57F /* SwipingPhotosController.swift */ = {isa = PBXFileReference; lastKnownFileType = sourcecode.swift; path = SwipingPhotosController.swift; sourceTree = "<group>"; };
		AF58B43F2441DAAC00135387 /* SettingsController.swift */ = {isa = PBXFileReference; lastKnownFileType = sourcecode.swift; path = SettingsController.swift; sourceTree = "<group>"; };
		AF58B4412441FAE500135387 /* SettingsCell.swift */ = {isa = PBXFileReference; lastKnownFileType = sourcecode.swift; path = SettingsCell.swift; sourceTree = "<group>"; };
		AF58B443244462C900135387 /* ActualUser.swift */ = {isa = PBXFileReference; lastKnownFileType = sourcecode.swift; path = ActualUser.swift; sourceTree = "<group>"; };
		AF58B4452444843200135387 /* AgeRangeCell.swift */ = {isa = PBXFileReference; lastKnownFileType = sourcecode.swift; path = AgeRangeCell.swift; sourceTree = "<group>"; };
		AF5E6A112448721E006D53A7 /* PhotoController.swift */ = {isa = PBXFileReference; lastKnownFileType = sourcecode.swift; path = PhotoController.swift; sourceTree = "<group>"; };
		AF5E6A142449ECAD006D53A7 /* LikesController.swift */ = {isa = PBXFileReference; lastKnownFileType = sourcecode.swift; name = LikesController.swift; path = "../New Group/LikesController.swift"; sourceTree = "<group>"; };
		AF5EFE9E244DAF89006642BE /* Shoe.swift */ = {isa = PBXFileReference; lastKnownFileType = sourcecode.swift; path = Shoe.swift; sourceTree = "<group>"; };
		AF6500F72429F84A00C126F8 /* SwiperViewController.swift */ = {isa = PBXFileReference; lastKnownFileType = sourcecode.swift; path = SwiperViewController.swift; sourceTree = "<group>"; };
		AF7163C224642FB800415F42 /* LikedNavBar.swift */ = {isa = PBXFileReference; lastKnownFileType = sourcecode.swift; path = LikedNavBar.swift; sourceTree = "<group>"; };
		AF7217072498E4F5008FF4D0 /* ChatLogController.swift */ = {isa = PBXFileReference; lastKnownFileType = sourcecode.swift; path = ChatLogController.swift; sourceTree = "<group>"; };
		AF855A5A24ED516900033162 /* OnboardingViewController.swift */ = {isa = PBXFileReference; lastKnownFileType = sourcecode.swift; name = OnboardingViewController.swift; path = ShoeSwiperMenus/ViewControllers/OnboardingViewController.swift; sourceTree = SOURCE_ROOT; };
		AF855A8524FBC6FB00033162 /* PageContainer.swift */ = {isa = PBXFileReference; lastKnownFileType = sourcecode.swift; path = PageContainer.swift; sourceTree = "<group>"; };
		AF855A8724FBC6FB00033162 /* PageViewItem.swift */ = {isa = PBXFileReference; lastKnownFileType = sourcecode.swift; path = PageViewItem.swift; sourceTree = "<group>"; };
		AF855A8824FBC6FB00033162 /* PageView.swift */ = {isa = PBXFileReference; lastKnownFileType = sourcecode.swift; path = PageView.swift; sourceTree = "<group>"; };
		AF855A8A24FBC6FB00033162 /* OnboardingContentView.swift */ = {isa = PBXFileReference; lastKnownFileType = sourcecode.swift; path = OnboardingContentView.swift; sourceTree = "<group>"; };
		AF855A8C24FBC6FB00033162 /* OnboardingContantViewItem.swift */ = {isa = PBXFileReference; lastKnownFileType = sourcecode.swift; path = OnboardingContantViewItem.swift; sourceTree = "<group>"; };
		AF855A8D24FBC6FB00033162 /* PaperOnboardingDelegate.swift */ = {isa = PBXFileReference; lastKnownFileType = sourcecode.swift; path = PaperOnboardingDelegate.swift; sourceTree = "<group>"; };
		AF855A8F24FBC6FB00033162 /* FillAnimationView.swift */ = {isa = PBXFileReference; lastKnownFileType = sourcecode.swift; path = FillAnimationView.swift; sourceTree = "<group>"; };
		AF855A9024FBC6FB00033162 /* PaperOnboardingDataSource.swift */ = {isa = PBXFileReference; lastKnownFileType = sourcecode.swift; path = PaperOnboardingDataSource.swift; sourceTree = "<group>"; };
		AF855A9224FBC6FB00033162 /* GestureControl.swift */ = {isa = PBXFileReference; lastKnownFileType = sourcecode.swift; path = GestureControl.swift; sourceTree = "<group>"; };
		AF855A9324FBC6FB00033162 /* PaperOnboarding.swift */ = {isa = PBXFileReference; lastKnownFileType = sourcecode.swift; path = PaperOnboarding.swift; sourceTree = "<group>"; };
		AF855A9524FBC6FB00033162 /* ConstraintsHelper.swift */ = {isa = PBXFileReference; lastKnownFileType = sourcecode.swift; path = ConstraintsHelper.swift; sourceTree = "<group>"; };
		AF855A9624FBC6FB00033162 /* Configuring.swift */ = {isa = PBXFileReference; lastKnownFileType = sourcecode.swift; path = Configuring.swift; sourceTree = "<group>"; };
		AF855A9C24FF87B600033162 /* Matrix.swift */ = {isa = PBXFileReference; lastKnownFileType = sourcecode.swift; path = Matrix.swift; sourceTree = "<group>"; };
		AF855AA024FF899E00033162 /* Settings.bundle */ = {isa = PBXFileReference; lastKnownFileType = "wrapper.plug-in"; name = Settings.bundle; path = "../../../../../Downloads/InAppSettingsKit-master/InAppSettingsKitSampleApp/Settings.bundle"; sourceTree = "<group>"; };
		AF855AA424FFB44800033162 /* NewSettingsViewController.swift */ = {isa = PBXFileReference; lastKnownFileType = sourcecode.swift; path = NewSettingsViewController.swift; sourceTree = "<group>"; };
		AF855AA824FFBC8900033162 /* CustomViewCell.m */ = {isa = PBXFileReference; fileEncoding = 4; lastKnownFileType = sourcecode.c.objc; name = CustomViewCell.m; path = "../../../../../Downloads/InAppSettingsKit-master/InAppSettingsKitSampleApp/Settings.bundle/CustomViewCell.m"; sourceTree = "<group>"; };
		AF855AA924FFBC8900033162 /* CustomViewCell.h */ = {isa = PBXFileReference; fileEncoding = 4; lastKnownFileType = sourcecode.c.h; name = CustomViewCell.h; path = "../../../../../Downloads/InAppSettingsKit-master/InAppSettingsKitSampleApp/Settings.bundle/CustomViewCell.h"; sourceTree = "<group>"; };
		AF855AAB25000FCD00033162 /* GradientDescent.swift */ = {isa = PBXFileReference; lastKnownFileType = sourcecode.swift; path = GradientDescent.swift; sourceTree = "<group>"; };
		AF855ABC2500EF8100033162 /* PageContainer.swift */ = {isa = PBXFileReference; fileEncoding = 4; lastKnownFileType = sourcecode.swift; path = PageContainer.swift; sourceTree = "<group>"; };
		AF855ABE2500EF8100033162 /* PageViewItem.swift */ = {isa = PBXFileReference; fileEncoding = 4; lastKnownFileType = sourcecode.swift; path = PageViewItem.swift; sourceTree = "<group>"; };
		AF855ABF2500EF8100033162 /* PageView.swift */ = {isa = PBXFileReference; fileEncoding = 4; lastKnownFileType = sourcecode.swift; path = PageView.swift; sourceTree = "<group>"; };
		AF855AC12500EF8100033162 /* OnboardingContentView.swift */ = {isa = PBXFileReference; fileEncoding = 4; lastKnownFileType = sourcecode.swift; path = OnboardingContentView.swift; sourceTree = "<group>"; };
		AF855AC32500EF8100033162 /* OnboardingContantViewItem.swift */ = {isa = PBXFileReference; fileEncoding = 4; lastKnownFileType = sourcecode.swift; path = OnboardingContantViewItem.swift; sourceTree = "<group>"; };
		AF855AC42500EF8100033162 /* PaperOnboardingDelegate.swift */ = {isa = PBXFileReference; fileEncoding = 4; lastKnownFileType = sourcecode.swift; path = PaperOnboardingDelegate.swift; sourceTree = "<group>"; };
		AF855AC62500EF8100033162 /* FillAnimationView.swift */ = {isa = PBXFileReference; fileEncoding = 4; lastKnownFileType = sourcecode.swift; path = FillAnimationView.swift; sourceTree = "<group>"; };
		AF855AC72500EF8100033162 /* PaperOnboardingDataSource.swift */ = {isa = PBXFileReference; fileEncoding = 4; lastKnownFileType = sourcecode.swift; path = PaperOnboardingDataSource.swift; sourceTree = "<group>"; };
		AF855AC92500EF8100033162 /* GestureControl.swift */ = {isa = PBXFileReference; fileEncoding = 4; lastKnownFileType = sourcecode.swift; path = GestureControl.swift; sourceTree = "<group>"; };
		AF855ACA2500EF8100033162 /* PaperOnboarding.swift */ = {isa = PBXFileReference; fileEncoding = 4; lastKnownFileType = sourcecode.swift; path = PaperOnboarding.swift; sourceTree = "<group>"; };
		AF855ACC2500EF8100033162 /* ConstraintsHelper.swift */ = {isa = PBXFileReference; fileEncoding = 4; lastKnownFileType = sourcecode.swift; path = ConstraintsHelper.swift; sourceTree = "<group>"; };
		AF855ACD2500EF8100033162 /* Configuring.swift */ = {isa = PBXFileReference; fileEncoding = 4; lastKnownFileType = sourcecode.swift; path = Configuring.swift; sourceTree = "<group>"; };
		AF9A0C792497766500846FE3 /* FeedBackTableViewCell.swift */ = {isa = PBXFileReference; lastKnownFileType = sourcecode.swift; path = FeedBackTableViewCell.swift; sourceTree = "<group>"; };
		AFB5A46B242A3F0400E9BC3A /* SwipeBottomControlsUIStackView.swift */ = {isa = PBXFileReference; lastKnownFileType = sourcecode.swift; path = SwipeBottomControlsUIStackView.swift; sourceTree = "<group>"; };
		AFBBC060242650AD0099399B /* Constants.swift */ = {isa = PBXFileReference; fileEncoding = 4; lastKnownFileType = sourcecode.swift; path = Constants.swift; sourceTree = "<group>"; };
		AFBBC061242650AD0099399B /* Utilities.swift */ = {isa = PBXFileReference; fileEncoding = 4; lastKnownFileType = sourcecode.swift; path = Utilities.swift; sourceTree = "<group>"; };
		AFBBC064242651910099399B /* GoogleService-Info.plist */ = {isa = PBXFileReference; fileEncoding = 4; lastKnownFileType = text.plist.xml; path = "GoogleService-Info.plist"; sourceTree = "<group>"; };
		AFDB9F9F253F40B200FD15B0 /* OnboardingViewController.swift */ = {isa = PBXFileReference; fileEncoding = 4; lastKnownFileType = sourcecode.swift; path = OnboardingViewController.swift; sourceTree = "<group>"; };
		AFF0315F242A56B60092312A /* TopNavigationStackView.swift */ = {isa = PBXFileReference; lastKnownFileType = sourcecode.swift; path = TopNavigationStackView.swift; sourceTree = "<group>"; };
		AFF03161242A610E0092312A /* CardView.swift */ = {isa = PBXFileReference; lastKnownFileType = sourcecode.swift; path = CardView.swift; sourceTree = "<group>"; };
		AFF03164242AA2680092312A /* User.swift */ = {isa = PBXFileReference; lastKnownFileType = sourcecode.swift; path = User.swift; sourceTree = "<group>"; };
		AFF03167242AAD4F0092312A /* CardViewModel.swift */ = {isa = PBXFileReference; lastKnownFileType = sourcecode.swift; path = CardViewModel.swift; sourceTree = "<group>"; };
		AFF03169242AB4000092312A /* Advertiser.swift */ = {isa = PBXFileReference; lastKnownFileType = sourcecode.swift; path = Advertiser.swift; sourceTree = "<group>"; };
		AFF0316B242B8F950092312A /* CustomTextField.swift */ = {isa = PBXFileReference; lastKnownFileType = sourcecode.swift; path = CustomTextField.swift; sourceTree = "<group>"; };
/* End PBXFileReference section */

/* Begin PBXFrameworksBuildPhase section */
		AF3E7153241F97230010DE24 /* Frameworks */ = {
			isa = PBXFrameworksBuildPhase;
			buildActionMask = 2147483647;
			files = (
				403BB61E20C054C4E2A364DB /* Pods_KixApp.framework in Frameworks */,
			);
			runOnlyForDeploymentPostprocessing = 0;
		};
/* End PBXFrameworksBuildPhase section */

/* Begin PBXGroup section */
		165216E72F80E7D7C5F854CE /* Frameworks */ = {
			isa = PBXGroup;
			children = (
				6127CFD30C6B38D9B2A275CB /* Pods_KixApp.framework */,
			);
			name = Frameworks;
			sourceTree = "<group>";
		};
		1B5E48C9C48744A6B1D770DC /* Pods */ = {
			isa = PBXGroup;
			children = (
				627D838D2A5837F6C58FA885 /* Pods-KixApp.debug.xcconfig */,
				1FF404762C9210A70375D74D /* Pods-KixApp.release.xcconfig */,
			);
			path = Pods;
			sourceTree = "<group>";
		};
		AF03AC3E249A176C0029CAFE /* FeedbackMessages */ = {
			isa = PBXGroup;
			children = (
				AF03AC45249A33710029CAFE /* MessagesNavBar.swift */,
			);
			path = FeedbackMessages;
			sourceTree = "<group>";
		};
		AF2CB911242236AA007C352F /* ViewControllers */ = {
			isa = PBXGroup;
			children = (
				AF7163C124642F9A00415F42 /* LikedPage */,
				AF55CE912446277A00D9A57F /* Shoe Details */,
				AF5E6A132449EC46006D53A7 /* Welsome */,
				AF6500F72429F84A00C126F8 /* SwiperViewController.swift */,
				AF7217072498E4F5008FF4D0 /* ChatLogController.swift */,
				AF58B43F2441DAAC00135387 /* SettingsController.swift */,
				AF855AA424FFB44800033162 /* NewSettingsViewController.swift */,
				AFDB9F9F253F40B200FD15B0 /* OnboardingViewController.swift */,
				AF855AA924FFBC8900033162 /* CustomViewCell.h */,
				AF855AA824FFBC8900033162 /* CustomViewCell.m */,
				AF855AA024FF899E00033162 /* Settings.bundle */,
			);
			path = ViewControllers;
			sourceTree = "<group>";
		};
		AF2CB914242240DE007C352F /* Helpers */ = {
			isa = PBXGroup;
			children = (
				AFBBC060242650AD0099399B /* Constants.swift */,
				AFBBC061242650AD0099399B /* Utilities.swift */,
			);
			path = Helpers;
			sourceTree = "<group>";
		};
		AF2CB91924237039007C352F /* Media */ = {
			isa = PBXGroup;
			children = (
				AF2CB92824239E7E007C352F /* SSVid8.mov */,
			);
			path = Media;
			sourceTree = "<group>";
		};
		AF2DC08925384AD500356082 /* Feed */ = {
			isa = PBXGroup;
			children = (
				AF2DC08A25384AF200356082 /* FeedController.swift */,
			);
			path = Feed;
			sourceTree = "<group>";
		};
		AF367F8D24E9336A001F5716 /* Scroll transition */ = {
			isa = PBXGroup;
			children = (
				AF367F9124E9337B001F5716 /* PanelAnimationController.swift */,
				AF367F9024E9337A001F5716 /* PanelInteractionController.swift */,
				AF367F8F24E9337A001F5716 /* PanelPresentationController.swift */,
				AF367F8E24E9337A001F5716 /* PanelTransitioningDelegate.swift */,
			);
			path = "Scroll transition";
			sourceTree = "<group>";
		};
		AF39D6E224DB13B50031BE5B /* Fonts */ = {
			isa = PBXGroup;
			children = (
				AF39D6E424DB13F10031BE5B /* Apache License.txt */,
				AF39D6EE24DB13F20031BE5B /* Roboto-Black.ttf */,
				AF39D6F124DB13F20031BE5B /* Roboto-BlackItalic.ttf */,
				AF39D6ED24DB13F20031BE5B /* Roboto-Bold.ttf */,
				AF39D6F424DB13F20031BE5B /* Roboto-BoldItalic.ttf */,
				AF39D6E524DB13F10031BE5B /* Roboto-Italic.ttf */,
				AF39D6E624DB13F10031BE5B /* Roboto-Light.ttf */,
				AF39D6E824DB13F10031BE5B /* Roboto-LightItalic.ttf */,
				AF39D6EA24DB13F10031BE5B /* Roboto-Medium.ttf */,
				AF39D6EF24DB13F20031BE5B /* Roboto-MediumItalic.ttf */,
				AF39D6F524DB13F20031BE5B /* Roboto-Regular.ttf */,
				AF39D6F024DB13F20031BE5B /* Roboto-Thin.ttf */,
				AF39D6E724DB13F10031BE5B /* Roboto-ThinItalic.ttf */,
				AF39D6EC24DB13F20031BE5B /* RobotoCondensed-Bold.ttf */,
				AF39D6EB24DB13F20031BE5B /* RobotoCondensed-BoldItalic.ttf */,
				AF39D6F324DB13F20031BE5B /* RobotoCondensed-Italic.ttf */,
				AF39D6E324DB13F10031BE5B /* RobotoCondensed-Light.ttf */,
				AF39D6F224DB13F20031BE5B /* RobotoCondensed-LightItalic.ttf */,
				AF39D6E924DB13F10031BE5B /* RobotoCondensed-Regular.ttf */,
			);
			path = Fonts;
			sourceTree = "<group>";
		};
		AF3E714D241F97230010DE24 = {
			isa = PBXGroup;
			children = (
				AF3E7158241F97230010DE24 /* KixApp */,
				AF39D6E224DB13B50031BE5B /* Fonts */,
				AF3E7157241F97230010DE24 /* Products */,
				1B5E48C9C48744A6B1D770DC /* Pods */,
				165216E72F80E7D7C5F854CE /* Frameworks */,
			);
			sourceTree = "<group>";
		};
		AF3E7157241F97230010DE24 /* Products */ = {
			isa = PBXGroup;
			children = (
				AF3E7156241F97230010DE24 /* KixApp.app */,
			);
			name = Products;
			sourceTree = "<group>";
		};
		AF3E7158241F97230010DE24 /* KixApp */ = {
			isa = PBXGroup;
			children = (
				AF855A9924FF878800033162 /* Math */,
				AFF03163242AA2450092312A /* Model */,
				AFF03166242AAD370092312A /* ViewModels */,
				AFB5A46A242A3ED900E9BC3A /* Views */,
				AF2CB911242236AA007C352F /* ViewControllers */,
				AF3E7159241F97230010DE24 /* AppDelegate.swift */,
				AF3E715B241F97230010DE24 /* SceneDelegate.swift */,
				AF3E715F241F97230010DE24 /* Main.storyboard */,
				AFB5A467242A38B900E9BC3A /* Extensions */,
				AF2CB914242240DE007C352F /* Helpers */,
				AF3E7162241F97240010DE24 /* Assets.xcassets */,
				AF3E7164241F97240010DE24 /* LaunchScreen.storyboard */,
				AF3E7167241F97240010DE24 /* Info.plist */,
				AFBBC064242651910099399B /* GoogleService-Info.plist */,
				AF2CB91924237039007C352F /* Media */,
			);
			path = KixApp;
			sourceTree = "<group>";
		};
		AF55CE912446277A00D9A57F /* Shoe Details */ = {
			isa = PBXGroup;
			children = (
				AF367F8D24E9336A001F5716 /* Scroll transition */,
				AF55CE92244627AA00D9A57F /* ShoeDetailsViewController.swift */,
				AF55CE9424472E3F00D9A57F /* SwipingPhotosController.swift */,
				AF5E6A112448721E006D53A7 /* PhotoController.swift */,
			);
			path = "Shoe Details";
			sourceTree = "<group>";
		};
		AF5E6A132449EC46006D53A7 /* Welsome */ = {
			isa = PBXGroup;
			children = (
				AF855A8224FBC6FB00033162 /* Onboarding */,
				AF2CB90D24223688007C352F /* LoginViewController.swift */,
				AF2CB91224223912007C352F /* WelcomeViewController.swift */,
				AF2CB90B24223679007C352F /* SignupViewController.swift */,
				AF855A5A24ED516900033162 /* OnboardingViewController.swift */,
			);
			path = Welsome;
			sourceTree = "<group>";
		};
		AF7163C124642F9A00415F42 /* LikedPage */ = {
			isa = PBXGroup;
			children = (
				AF2DC08925384AD500356082 /* Feed */,
				AF5E6A142449ECAD006D53A7 /* LikesController.swift */,
				AF7163C224642FB800415F42 /* LikedNavBar.swift */,
			);
			path = LikedPage;
			sourceTree = "<group>";
		};
		AF855A8224FBC6FB00033162 /* Onboarding */ = {
			isa = PBXGroup;
			children = (
				AF855AB92500EF8100033162 /* Source */,
				AF855A8324FBC6FB00033162 /* PageView */,
				AF855A8924FBC6FB00033162 /* OnboardingContentView */,
				AF855A8D24FBC6FB00033162 /* PaperOnboardingDelegate.swift */,
				AF855A8E24FBC6FB00033162 /* FillAnimationView */,
				AF855A9024FBC6FB00033162 /* PaperOnboardingDataSource.swift */,
				AF855A9124FBC6FB00033162 /* GestureControl */,
				AF855A9324FBC6FB00033162 /* PaperOnboarding.swift */,
				AF855A9424FBC6FB00033162 /* Helpers */,
			);
			path = Onboarding;
			sourceTree = "<group>";
		};
		AF855A8324FBC6FB00033162 /* PageView */ = {
			isa = PBXGroup;
			children = (
				AF855A8424FBC6FB00033162 /* PageContainerView */,
				AF855A8624FBC6FB00033162 /* Item */,
				AF855A8824FBC6FB00033162 /* PageView.swift */,
			);
			path = PageView;
			sourceTree = "<group>";
		};
		AF855A8424FBC6FB00033162 /* PageContainerView */ = {
			isa = PBXGroup;
			children = (
				AF855A8524FBC6FB00033162 /* PageContainer.swift */,
			);
			path = PageContainerView;
			sourceTree = "<group>";
		};
		AF855A8624FBC6FB00033162 /* Item */ = {
			isa = PBXGroup;
			children = (
				AF855A8724FBC6FB00033162 /* PageViewItem.swift */,
			);
			path = Item;
			sourceTree = "<group>";
		};
		AF855A8924FBC6FB00033162 /* OnboardingContentView */ = {
			isa = PBXGroup;
			children = (
				AF855A8A24FBC6FB00033162 /* OnboardingContentView.swift */,
				AF855A8B24FBC6FB00033162 /* Item */,
			);
			path = OnboardingContentView;
			sourceTree = "<group>";
		};
		AF855A8B24FBC6FB00033162 /* Item */ = {
			isa = PBXGroup;
			children = (
				AF855A8C24FBC6FB00033162 /* OnboardingContantViewItem.swift */,
			);
			path = Item;
			sourceTree = "<group>";
		};
		AF855A8E24FBC6FB00033162 /* FillAnimationView */ = {
			isa = PBXGroup;
			children = (
				AF855A8F24FBC6FB00033162 /* FillAnimationView.swift */,
			);
			path = FillAnimationView;
			sourceTree = "<group>";
		};
		AF855A9124FBC6FB00033162 /* GestureControl */ = {
			isa = PBXGroup;
			children = (
				AF855A9224FBC6FB00033162 /* GestureControl.swift */,
			);
			path = GestureControl;
			sourceTree = "<group>";
		};
		AF855A9424FBC6FB00033162 /* Helpers */ = {
			isa = PBXGroup;
			children = (
				AF855A9524FBC6FB00033162 /* ConstraintsHelper.swift */,
				AF855A9624FBC6FB00033162 /* Configuring.swift */,
			);
			path = Helpers;
			sourceTree = "<group>";
		};
		AF855A9924FF878800033162 /* Math */ = {
			isa = PBXGroup;
			children = (
				AF855AAB25000FCD00033162 /* GradientDescent.swift */,
				AF855A9C24FF87B600033162 /* Matrix.swift */,
			);
			path = Math;
			sourceTree = "<group>";
		};
		AF855AB92500EF8100033162 /* Source */ = {
			isa = PBXGroup;
			children = (
				AF855ABA2500EF8100033162 /* PageView */,
				AF855AC02500EF8100033162 /* OnboardingContentView */,
				AF855AC42500EF8100033162 /* PaperOnboardingDelegate.swift */,
				AF855AC52500EF8100033162 /* FillAnimationView */,
				AF855AC72500EF8100033162 /* PaperOnboardingDataSource.swift */,
				AF855AC82500EF8100033162 /* GestureControl */,
				AF855ACA2500EF8100033162 /* PaperOnboarding.swift */,
				AF855ACB2500EF8100033162 /* Helpers */,
			);
			name = Source;
			path = "../../../../../../../Downloads/paper-onboarding-master 3/Source";
			sourceTree = "<group>";
		};
		AF855ABA2500EF8100033162 /* PageView */ = {
			isa = PBXGroup;
			children = (
				AF855ABB2500EF8100033162 /* PageContainerView */,
				AF855ABD2500EF8100033162 /* Item */,
				AF855ABF2500EF8100033162 /* PageView.swift */,
			);
			path = PageView;
			sourceTree = "<group>";
		};
		AF855ABB2500EF8100033162 /* PageContainerView */ = {
			isa = PBXGroup;
			children = (
				AF855ABC2500EF8100033162 /* PageContainer.swift */,
			);
			path = PageContainerView;
			sourceTree = "<group>";
		};
		AF855ABD2500EF8100033162 /* Item */ = {
			isa = PBXGroup;
			children = (
				AF855ABE2500EF8100033162 /* PageViewItem.swift */,
			);
			path = Item;
			sourceTree = "<group>";
		};
		AF855AC02500EF8100033162 /* OnboardingContentView */ = {
			isa = PBXGroup;
			children = (
				AF855AC12500EF8100033162 /* OnboardingContentView.swift */,
				AF855AC22500EF8100033162 /* Item */,
			);
			path = OnboardingContentView;
			sourceTree = "<group>";
		};
		AF855AC22500EF8100033162 /* Item */ = {
			isa = PBXGroup;
			children = (
				AF855AC32500EF8100033162 /* OnboardingContantViewItem.swift */,
			);
			path = Item;
			sourceTree = "<group>";
		};
		AF855AC52500EF8100033162 /* FillAnimationView */ = {
			isa = PBXGroup;
			children = (
				AF855AC62500EF8100033162 /* FillAnimationView.swift */,
			);
			path = FillAnimationView;
			sourceTree = "<group>";
		};
		AF855AC82500EF8100033162 /* GestureControl */ = {
			isa = PBXGroup;
			children = (
				AF855AC92500EF8100033162 /* GestureControl.swift */,
			);
			path = GestureControl;
			sourceTree = "<group>";
		};
		AF855ACB2500EF8100033162 /* Helpers */ = {
			isa = PBXGroup;
			children = (
				AF855ACC2500EF8100033162 /* ConstraintsHelper.swift */,
				AF855ACD2500EF8100033162 /* Configuring.swift */,
			);
			path = Helpers;
			sourceTree = "<group>";
		};
		AFB5A467242A38B900E9BC3A /* Extensions */ = {
			isa = PBXGroup;
			children = (
			);
			path = Extensions;
			sourceTree = "<group>";
		};
		AFB5A46A242A3ED900E9BC3A /* Views */ = {
			isa = PBXGroup;
			children = (
				AF03AC3E249A176C0029CAFE /* FeedbackMessages */,
				AFB5A46B242A3F0400E9BC3A /* SwipeBottomControlsUIStackView.swift */,
				AFF0315F242A56B60092312A /* TopNavigationStackView.swift */,
				AFF03161242A610E0092312A /* CardView.swift */,
				AFF0316B242B8F950092312A /* CustomTextField.swift */,
				AF58B4412441FAE500135387 /* SettingsCell.swift */,
				AF58B4452444843200135387 /* AgeRangeCell.swift */,
				AF55CE8F2445803A00D9A57F /* LogoutTableViewCell.swift */,
				AF9A0C792497766500846FE3 /* FeedBackTableViewCell.swift */,
			);
			path = Views;
			sourceTree = "<group>";
		};
		AFF03163242AA2450092312A /* Model */ = {
			isa = PBXGroup;
			children = (
				AF2DC08C25387E5F00356082 /* Post.swift */,
				AFF03164242AA2680092312A /* User.swift */,
				AFF03169242AB4000092312A /* Advertiser.swift */,
				AF58B443244462C900135387 /* ActualUser.swift */,
				AF5EFE9E244DAF89006642BE /* Shoe.swift */,
			);
			path = Model;
			sourceTree = "<group>";
		};
		AFF03166242AAD370092312A /* ViewModels */ = {
			isa = PBXGroup;
			children = (
				AFF03167242AAD4F0092312A /* CardViewModel.swift */,
			);
			path = ViewModels;
			sourceTree = "<group>";
		};
/* End PBXGroup section */

/* Begin PBXNativeTarget section */
		AF3E7155241F97230010DE24 /* KixApp */ = {
			isa = PBXNativeTarget;
			buildConfigurationList = AF3E716A241F97240010DE24 /* Build configuration list for PBXNativeTarget "KixApp" */;
			buildPhases = (
				0FA7B88D79951DF04891B5A0 /* [CP] Check Pods Manifest.lock */,
				B335A8C8AB92BD23F5CD131D /* [CP] Prepare Artifacts */,
				AF3E7152241F97230010DE24 /* Sources */,
				AF3E7153241F97230010DE24 /* Frameworks */,
				AF3E7154241F97230010DE24 /* Resources */,
				08B36C06982DD9DAD0198C81 /* [CP] Embed Pods Frameworks */,
			);
			buildRules = (
			);
			dependencies = (
			);
			name = KixApp;
			productName = ShoeSwiperMenus;
			productReference = AF3E7156241F97230010DE24 /* KixApp.app */;
			productType = "com.apple.product-type.application";
		};
/* End PBXNativeTarget section */

/* Begin PBXProject section */
		AF3E714E241F97230010DE24 /* Project object */ = {
			isa = PBXProject;
			attributes = {
				LastSwiftUpdateCheck = 1130;
				LastUpgradeCheck = 1130;
				ORGANIZATIONNAME = "Antoine Neidecker";
				TargetAttributes = {
					AF3E7155241F97230010DE24 = {
						CreatedOnToolsVersion = 11.3.1;
					};
				};
			};
			buildConfigurationList = AF3E7151241F97230010DE24 /* Build configuration list for PBXProject "KixApp" */;
			compatibilityVersion = "Xcode 9.3";
			developmentRegion = en;
			hasScannedForEncodings = 0;
			knownRegions = (
				en,
				Base,
			);
			mainGroup = AF3E714D241F97230010DE24;
			packageReferences = (
				AF9A0C7B24979BCE00846FE3 /* RemoteSwiftPackageReference */,
			);
			productRefGroup = AF3E7157241F97230010DE24 /* Products */;
			projectDirPath = "";
			projectRoot = "";
			targets = (
				AF3E7155241F97230010DE24 /* KixApp */,
			);
		};
/* End PBXProject section */

/* Begin PBXResourcesBuildPhase section */
		AF3E7154241F97230010DE24 /* Resources */ = {
			isa = PBXResourcesBuildPhase;
			buildActionMask = 2147483647;
			files = (
				AF39D6FE24DB13F20031BE5B /* RobotoCondensed-BoldItalic.ttf in Resources */,
				AF39D6FD24DB13F20031BE5B /* Roboto-Medium.ttf in Resources */,
				AF39D6FA24DB13F20031BE5B /* Roboto-ThinItalic.ttf in Resources */,
				AF39D6FB24DB13F20031BE5B /* Roboto-LightItalic.ttf in Resources */,
				AF3E7166241F97240010DE24 /* LaunchScreen.storyboard in Resources */,
				AF39D70124DB13F20031BE5B /* Roboto-Black.ttf in Resources */,
				AF3E7163241F97240010DE24 /* Assets.xcassets in Resources */,
				AF39D70424DB13F20031BE5B /* Roboto-BlackItalic.ttf in Resources */,
				AF39D6FF24DB13F20031BE5B /* RobotoCondensed-Bold.ttf in Resources */,
				AFBBC065242651910099399B /* GoogleService-Info.plist in Resources */,
				AF39D6F724DB13F20031BE5B /* Apache License.txt in Resources */,
				AF39D6FC24DB13F20031BE5B /* RobotoCondensed-Regular.ttf in Resources */,
				AF39D70524DB13F20031BE5B /* RobotoCondensed-LightItalic.ttf in Resources */,
				AF3E7161241F97230010DE24 /* Main.storyboard in Resources */,
				AF39D6F824DB13F20031BE5B /* Roboto-Italic.ttf in Resources */,
				AF39D70624DB13F20031BE5B /* RobotoCondensed-Italic.ttf in Resources */,
				AF39D70724DB13F20031BE5B /* Roboto-BoldItalic.ttf in Resources */,
				AF39D6F624DB13F20031BE5B /* RobotoCondensed-Light.ttf in Resources */,
				AF39D70824DB13F20031BE5B /* Roboto-Regular.ttf in Resources */,
				AF39D70324DB13F20031BE5B /* Roboto-Thin.ttf in Resources */,
				AF39D70024DB13F20031BE5B /* Roboto-Bold.ttf in Resources */,
				AF855AA124FF899E00033162 /* Settings.bundle in Resources */,
				AF39D70224DB13F20031BE5B /* Roboto-MediumItalic.ttf in Resources */,
				AF39D6F924DB13F20031BE5B /* Roboto-Light.ttf in Resources */,
			);
			runOnlyForDeploymentPostprocessing = 0;
		};
/* End PBXResourcesBuildPhase section */

/* Begin PBXShellScriptBuildPhase section */
		08B36C06982DD9DAD0198C81 /* [CP] Embed Pods Frameworks */ = {
			isa = PBXShellScriptBuildPhase;
			buildActionMask = 2147483647;
			files = (
			);
			inputFileListPaths = (
				"${PODS_ROOT}/Target Support Files/Pods-KixApp/Pods-KixApp-frameworks-${CONFIGURATION}-input-files.xcfilelist",
			);
			name = "[CP] Embed Pods Frameworks";
			outputFileListPaths = (
				"${PODS_ROOT}/Target Support Files/Pods-KixApp/Pods-KixApp-frameworks-${CONFIGURATION}-output-files.xcfilelist",
			);
			runOnlyForDeploymentPostprocessing = 0;
			shellPath = /bin/sh;
			shellScript = "\"${PODS_ROOT}/Target Support Files/Pods-KixApp/Pods-KixApp-frameworks.sh\"\n";
			showEnvVarsInLog = 0;
		};
		0FA7B88D79951DF04891B5A0 /* [CP] Check Pods Manifest.lock */ = {
			isa = PBXShellScriptBuildPhase;
			buildActionMask = 2147483647;
			files = (
			);
			inputFileListPaths = (
			);
			inputPaths = (
				"${PODS_PODFILE_DIR_PATH}/Podfile.lock",
				"${PODS_ROOT}/Manifest.lock",
			);
			name = "[CP] Check Pods Manifest.lock";
			outputFileListPaths = (
			);
			outputPaths = (
				"$(DERIVED_FILE_DIR)/Pods-KixApp-checkManifestLockResult.txt",
			);
			runOnlyForDeploymentPostprocessing = 0;
			shellPath = /bin/sh;
			shellScript = "diff \"${PODS_PODFILE_DIR_PATH}/Podfile.lock\" \"${PODS_ROOT}/Manifest.lock\" > /dev/null\nif [ $? != 0 ] ; then\n    # print error to STDERR\n    echo \"error: The sandbox is not in sync with the Podfile.lock. Run 'pod install' or update your CocoaPods installation.\" >&2\n    exit 1\nfi\n# This output is used by Xcode 'outputs' to avoid re-running this script phase.\necho \"SUCCESS\" > \"${SCRIPT_OUTPUT_FILE_0}\"\n";
			showEnvVarsInLog = 0;
		};
		B335A8C8AB92BD23F5CD131D /* [CP] Prepare Artifacts */ = {
			isa = PBXShellScriptBuildPhase;
			buildActionMask = 2147483647;
			files = (
			);
			inputFileListPaths = (
				"${PODS_ROOT}/Target Support Files/Pods-KixApp/Pods-KixApp-artifacts-${CONFIGURATION}-input-files.xcfilelist",
			);
			name = "[CP] Prepare Artifacts";
			outputFileListPaths = (
				"${PODS_ROOT}/Target Support Files/Pods-KixApp/Pods-KixApp-artifacts-${CONFIGURATION}-output-files.xcfilelist",
			);
			runOnlyForDeploymentPostprocessing = 0;
			shellPath = /bin/sh;
			shellScript = "\"${PODS_ROOT}/Target Support Files/Pods-KixApp/Pods-KixApp-artifacts.sh\"\n";
			showEnvVarsInLog = 0;
		};
/* End PBXShellScriptBuildPhase section */

/* Begin PBXSourcesBuildPhase section */
		AF3E7152241F97230010DE24 /* Sources */ = {
			isa = PBXSourcesBuildPhase;
			buildActionMask = 2147483647;
			files = (
				AF855AD82500EF8100033162 /* ConstraintsHelper.swift in Sources */,
				AF855AD02500EF8100033162 /* PageView.swift in Sources */,
				AF3E715A241F97230010DE24 /* AppDelegate.swift in Sources */,
				AF2CB90C24223679007C352F /* SignupViewController.swift in Sources */,
				AF55CE93244627AA00D9A57F /* ShoeDetailsViewController.swift in Sources */,
				AF855ACF2500EF8100033162 /* PageViewItem.swift in Sources */,
				AF855AD32500EF8100033162 /* PaperOnboardingDelegate.swift in Sources */,
				AF55CE9524472E3F00D9A57F /* SwipingPhotosController.swift in Sources */,
				AF58B4402441DAAC00135387 /* SettingsController.swift in Sources */,
				AF7163C324642FB800415F42 /* LikedNavBar.swift in Sources */,
				AF855ACE2500EF8100033162 /* PageContainer.swift in Sources */,
				AF855AD72500EF8100033162 /* PaperOnboarding.swift in Sources */,
				AF2DC08B25384AF200356082 /* FeedController.swift in Sources */,
				AF855AD92500EF8100033162 /* Configuring.swift in Sources */,
				AFB5A46C242A3F0400E9BC3A /* SwipeBottomControlsUIStackView.swift in Sources */,
				AF5E6A122448721E006D53A7 /* PhotoController.swift in Sources */,
				AFF0316C242B8F950092312A /* CustomTextField.swift in Sources */,
				AF2CB90E24223688007C352F /* LoginViewController.swift in Sources */,
				AFF03165242AA2680092312A /* User.swift in Sources */,
				AF58B4422441FAE500135387 /* SettingsCell.swift in Sources */,
				AF367F9824E934C2001F5716 /* PanelAnimationController.swift in Sources */,
				AF855AD12500EF8100033162 /* OnboardingContentView.swift in Sources */,
				AFF0316A242AB4000092312A /* Advertiser.swift in Sources */,
				AF855A9D24FF87B600033162 /* Matrix.swift in Sources */,
				AFF03168242AAD4F0092312A /* CardViewModel.swift in Sources */,
				AF855AAA24FFBC8900033162 /* CustomViewCell.m in Sources */,
				AF367F9624E934C2001F5716 /* PanelPresentationController.swift in Sources */,
				AF7163C52464391700415F42 /* LikesController.swift in Sources */,
				AF3E715C241F97230010DE24 /* SceneDelegate.swift in Sources */,
				AF367F9524E934C2001F5716 /* PanelInteractionController.swift in Sources */,
				AF58B4462444843200135387 /* AgeRangeCell.swift in Sources */,
				AF9A0C7A2497766500846FE3 /* FeedBackTableViewCell.swift in Sources */,
				AF855AD22500EF8100033162 /* OnboardingContantViewItem.swift in Sources */,
				AF855AA524FFB44800033162 /* NewSettingsViewController.swift in Sources */,
				AF855AAC25000FCD00033162 /* GradientDescent.swift in Sources */,
				AFF03160242A56B60092312A /* TopNavigationStackView.swift in Sources */,
				AF2CB91324223912007C352F /* WelcomeViewController.swift in Sources */,
				AFBBC063242650AD0099399B /* Utilities.swift in Sources */,
				AF6500F82429F84A00C126F8 /* SwiperViewController.swift in Sources */,
				AF55CE902445803A00D9A57F /* LogoutTableViewCell.swift in Sources */,
				AF855AD62500EF8100033162 /* GestureControl.swift in Sources */,
				AFF03162242A610E0092312A /* CardView.swift in Sources */,
				AF2DC08D25387E5F00356082 /* Post.swift in Sources */,
				AF7217082498E4F5008FF4D0 /* ChatLogController.swift in Sources */,
				AFDB9FA0253F40B200FD15B0 /* OnboardingViewController.swift in Sources */,
				AF5EFE9F244DAF89006642BE /* Shoe.swift in Sources */,
				AF855AD42500EF8100033162 /* FillAnimationView.swift in Sources */,
				AF58B444244462CA00135387 /* ActualUser.swift in Sources */,
				AF855AD52500EF8100033162 /* PaperOnboardingDataSource.swift in Sources */,
				AF03AC46249A33710029CAFE /* MessagesNavBar.swift in Sources */,
				AF367F9724E934C2001F5716 /* PanelTransitioningDelegate.swift in Sources */,
				AFBBC062242650AD0099399B /* Constants.swift in Sources */,
			);
			runOnlyForDeploymentPostprocessing = 0;
		};
/* End PBXSourcesBuildPhase section */

/* Begin PBXVariantGroup section */
		AF3E715F241F97230010DE24 /* Main.storyboard */ = {
			isa = PBXVariantGroup;
			children = (
				AF3E7160241F97230010DE24 /* Base */,
			);
			name = Main.storyboard;
			sourceTree = "<group>";
		};
		AF3E7164241F97240010DE24 /* LaunchScreen.storyboard */ = {
			isa = PBXVariantGroup;
			children = (
				AF3E7165241F97240010DE24 /* Base */,
			);
			name = LaunchScreen.storyboard;
			sourceTree = "<group>";
		};
/* End PBXVariantGroup section */

/* Begin XCBuildConfiguration section */
		AF3E7168241F97240010DE24 /* Debug */ = {
			isa = XCBuildConfiguration;
			buildSettings = {
				ALWAYS_SEARCH_USER_PATHS = NO;
				CLANG_ANALYZER_NONNULL = YES;
				CLANG_ANALYZER_NUMBER_OBJECT_CONVERSION = YES_AGGRESSIVE;
				CLANG_CXX_LANGUAGE_STANDARD = "gnu++14";
				CLANG_CXX_LIBRARY = "libc++";
				CLANG_ENABLE_MODULES = YES;
				CLANG_ENABLE_OBJC_ARC = YES;
				CLANG_ENABLE_OBJC_WEAK = YES;
				CLANG_WARN_BLOCK_CAPTURE_AUTORELEASING = YES;
				CLANG_WARN_BOOL_CONVERSION = YES;
				CLANG_WARN_COMMA = YES;
				CLANG_WARN_CONSTANT_CONVERSION = YES;
				CLANG_WARN_DEPRECATED_OBJC_IMPLEMENTATIONS = YES;
				CLANG_WARN_DIRECT_OBJC_ISA_USAGE = YES_ERROR;
				CLANG_WARN_DOCUMENTATION_COMMENTS = YES;
				CLANG_WARN_EMPTY_BODY = YES;
				CLANG_WARN_ENUM_CONVERSION = YES;
				CLANG_WARN_INFINITE_RECURSION = YES;
				CLANG_WARN_INT_CONVERSION = YES;
				CLANG_WARN_NON_LITERAL_NULL_CONVERSION = YES;
				CLANG_WARN_OBJC_IMPLICIT_RETAIN_SELF = YES;
				CLANG_WARN_OBJC_LITERAL_CONVERSION = YES;
				CLANG_WARN_OBJC_ROOT_CLASS = YES_ERROR;
				CLANG_WARN_RANGE_LOOP_ANALYSIS = YES;
				CLANG_WARN_STRICT_PROTOTYPES = YES;
				CLANG_WARN_SUSPICIOUS_MOVE = YES;
				CLANG_WARN_UNGUARDED_AVAILABILITY = YES_AGGRESSIVE;
				CLANG_WARN_UNREACHABLE_CODE = YES;
				CLANG_WARN__DUPLICATE_METHOD_MATCH = YES;
				COPY_PHASE_STRIP = NO;
				DEBUG_INFORMATION_FORMAT = dwarf;
				ENABLE_STRICT_OBJC_MSGSEND = YES;
				ENABLE_TESTABILITY = YES;
				GCC_C_LANGUAGE_STANDARD = gnu11;
				GCC_DYNAMIC_NO_PIC = NO;
				GCC_NO_COMMON_BLOCKS = YES;
				GCC_OPTIMIZATION_LEVEL = 0;
				GCC_PREPROCESSOR_DEFINITIONS = (
					"DEBUG=1",
					"$(inherited)",
				);
				GCC_WARN_64_TO_32_BIT_CONVERSION = YES;
				GCC_WARN_ABOUT_RETURN_TYPE = YES_ERROR;
				GCC_WARN_UNDECLARED_SELECTOR = YES;
				GCC_WARN_UNINITIALIZED_AUTOS = YES_AGGRESSIVE;
				GCC_WARN_UNUSED_FUNCTION = YES;
				GCC_WARN_UNUSED_VARIABLE = YES;
				IPHONEOS_DEPLOYMENT_TARGET = 13.2;
				MTL_ENABLE_DEBUG_INFO = INCLUDE_SOURCE;
				MTL_FAST_MATH = YES;
				ONLY_ACTIVE_ARCH = YES;
				SDKROOT = iphoneos;
				SWIFT_ACTIVE_COMPILATION_CONDITIONS = DEBUG;
				SWIFT_OPTIMIZATION_LEVEL = "-Onone";
			};
			name = Debug;
		};
		AF3E7169241F97240010DE24 /* Release */ = {
			isa = XCBuildConfiguration;
			buildSettings = {
				ALWAYS_SEARCH_USER_PATHS = NO;
				CLANG_ANALYZER_NONNULL = YES;
				CLANG_ANALYZER_NUMBER_OBJECT_CONVERSION = YES_AGGRESSIVE;
				CLANG_CXX_LANGUAGE_STANDARD = "gnu++14";
				CLANG_CXX_LIBRARY = "libc++";
				CLANG_ENABLE_MODULES = YES;
				CLANG_ENABLE_OBJC_ARC = YES;
				CLANG_ENABLE_OBJC_WEAK = YES;
				CLANG_WARN_BLOCK_CAPTURE_AUTORELEASING = YES;
				CLANG_WARN_BOOL_CONVERSION = YES;
				CLANG_WARN_COMMA = YES;
				CLANG_WARN_CONSTANT_CONVERSION = YES;
				CLANG_WARN_DEPRECATED_OBJC_IMPLEMENTATIONS = YES;
				CLANG_WARN_DIRECT_OBJC_ISA_USAGE = YES_ERROR;
				CLANG_WARN_DOCUMENTATION_COMMENTS = YES;
				CLANG_WARN_EMPTY_BODY = YES;
				CLANG_WARN_ENUM_CONVERSION = YES;
				CLANG_WARN_INFINITE_RECURSION = YES;
				CLANG_WARN_INT_CONVERSION = YES;
				CLANG_WARN_NON_LITERAL_NULL_CONVERSION = YES;
				CLANG_WARN_OBJC_IMPLICIT_RETAIN_SELF = YES;
				CLANG_WARN_OBJC_LITERAL_CONVERSION = YES;
				CLANG_WARN_OBJC_ROOT_CLASS = YES_ERROR;
				CLANG_WARN_RANGE_LOOP_ANALYSIS = YES;
				CLANG_WARN_STRICT_PROTOTYPES = YES;
				CLANG_WARN_SUSPICIOUS_MOVE = YES;
				CLANG_WARN_UNGUARDED_AVAILABILITY = YES_AGGRESSIVE;
				CLANG_WARN_UNREACHABLE_CODE = YES;
				CLANG_WARN__DUPLICATE_METHOD_MATCH = YES;
				COPY_PHASE_STRIP = NO;
				DEBUG_INFORMATION_FORMAT = "dwarf-with-dsym";
				ENABLE_NS_ASSERTIONS = NO;
				ENABLE_STRICT_OBJC_MSGSEND = YES;
				GCC_C_LANGUAGE_STANDARD = gnu11;
				GCC_NO_COMMON_BLOCKS = YES;
				GCC_WARN_64_TO_32_BIT_CONVERSION = YES;
				GCC_WARN_ABOUT_RETURN_TYPE = YES_ERROR;
				GCC_WARN_UNDECLARED_SELECTOR = YES;
				GCC_WARN_UNINITIALIZED_AUTOS = YES_AGGRESSIVE;
				GCC_WARN_UNUSED_FUNCTION = YES;
				GCC_WARN_UNUSED_VARIABLE = YES;
				IPHONEOS_DEPLOYMENT_TARGET = 13.2;
				MTL_ENABLE_DEBUG_INFO = NO;
				MTL_FAST_MATH = YES;
				SDKROOT = iphoneos;
				SWIFT_COMPILATION_MODE = wholemodule;
				SWIFT_OPTIMIZATION_LEVEL = "-O";
				VALIDATE_PRODUCT = YES;
			};
			name = Release;
		};
		AF3E716B241F97240010DE24 /* Debug */ = {
			isa = XCBuildConfiguration;
			baseConfigurationReference = 627D838D2A5837F6C58FA885 /* Pods-KixApp.debug.xcconfig */;
			buildSettings = {
				ASSETCATALOG_COMPILER_APPICON_NAME = AppIcon;
				CODE_SIGN_IDENTITY = "iPhone Distribution";
				CODE_SIGN_STYLE = Manual;
				CURRENT_PROJECT_VERSION = 1;
				DEVELOPMENT_TEAM = PMA2LFUJAN;
				INFOPLIST_FILE = KixApp/Info.plist;
				LD_RUNPATH_SEARCH_PATHS = (
					"$(inherited)",
					"@executable_path/Frameworks",
				);
				MARKETING_VERSION = 1.04;
				PRODUCT_BUNDLE_IDENTIFIER = com.antoineneidecker.KixApp;
				PRODUCT_NAME = "$(TARGET_NAME)";
				PROVISIONING_PROFILE_SPECIFIER = kixProvProf;
				SWIFT_VERSION = 5.0;
				TARGETED_DEVICE_FAMILY = 1;
			};
			name = Debug;
		};
		AF3E716C241F97240010DE24 /* Release */ = {
			isa = XCBuildConfiguration;
			baseConfigurationReference = 1FF404762C9210A70375D74D /* Pods-KixApp.release.xcconfig */;
			buildSettings = {
				ASSETCATALOG_COMPILER_APPICON_NAME = AppIcon;
				CODE_SIGN_IDENTITY = "iPhone Distribution";
				CODE_SIGN_STYLE = Manual;
				CURRENT_PROJECT_VERSION = 1;
				DEVELOPMENT_TEAM = PMA2LFUJAN;
				INFOPLIST_FILE = KixApp/Info.plist;
				LD_RUNPATH_SEARCH_PATHS = (
					"$(inherited)",
					"@executable_path/Frameworks",
				);
				MARKETING_VERSION = 1.04;
				PRODUCT_BUNDLE_IDENTIFIER = com.antoineneidecker.KixApp;
				PRODUCT_NAME = "$(TARGET_NAME)";
				PROVISIONING_PROFILE_SPECIFIER = kixProvProf;
				SWIFT_VERSION = 5.0;
				TARGETED_DEVICE_FAMILY = 1;
			};
			name = Release;
		};
/* End XCBuildConfiguration section */

/* Begin XCConfigurationList section */
		AF3E7151241F97230010DE24 /* Build configuration list for PBXProject "KixApp" */ = {
			isa = XCConfigurationList;
			buildConfigurations = (
				AF3E7168241F97240010DE24 /* Debug */,
				AF3E7169241F97240010DE24 /* Release */,
			);
			defaultConfigurationIsVisible = 0;
			defaultConfigurationName = Release;
		};
		AF3E716A241F97240010DE24 /* Build configuration list for PBXNativeTarget "KixApp" */ = {
			isa = XCConfigurationList;
			buildConfigurations = (
				AF3E716B241F97240010DE24 /* Debug */,
				AF3E716C241F97240010DE24 /* Release */,
			);
			defaultConfigurationIsVisible = 0;
			defaultConfigurationName = Release;
		};
/* End XCConfigurationList section */

/* Begin XCRemoteSwiftPackageReference section */
		AF9A0C7B24979BCE00846FE3 /* RemoteSwiftPackageReference */ = {
			isa = XCRemoteSwiftPackageReference;
			repositoryURL = "https://github.com/bhlvoong/LBTATools.git";
			requirement = {
				kind = upToNextMajorVersion;
				minimumVersion = 1.0.17;
			};
		};
/* End XCRemoteSwiftPackageReference section */
	};
	rootObject = AF3E714E241F97230010DE24 /* Project object */;
}
